// !$*UTF8*$!
{
	archiveVersion = 1;
	classes = {
	};
	objectVersion = 56;
	objects = {

/* Begin PBXBuildFile section */
		FA0787C22B5D8E8F0014206B /* AppDelegate.swift in Sources */ = {isa = PBXBuildFile; fileRef = FA0787C12B5D8E8F0014206B /* AppDelegate.swift */; };
		FA0787C42B5D8E8F0014206B /* SceneDelegate.swift in Sources */ = {isa = PBXBuildFile; fileRef = FA0787C32B5D8E8F0014206B /* SceneDelegate.swift */; };
		FA0787C62B5D8E8F0014206B /* ProfileViewController.swift in Sources */ = {isa = PBXBuildFile; fileRef = FA0787C52B5D8E8F0014206B /* ProfileViewController.swift */; };
		FA0787CB2B5D8E910014206B /* Assets.xcassets in Resources */ = {isa = PBXBuildFile; fileRef = FA0787CA2B5D8E910014206B /* Assets.xcassets */; };
		FA0787CE2B5D8E910014206B /* LaunchScreen.storyboard in Resources */ = {isa = PBXBuildFile; fileRef = FA0787CC2B5D8E910014206B /* LaunchScreen.storyboard */; };
		FA0787D42B5D8EE20014206B /* SettingsViewController.swift in Sources */ = {isa = PBXBuildFile; fileRef = FA0787D32B5D8EE20014206B /* SettingsViewController.swift */; };
		FA08E3942B6AB0A1009A2A24 /* ForgotPassViewController.swift in Sources */ = {isa = PBXBuildFile; fileRef = FA08E3932B6AB0A1009A2A24 /* ForgotPassViewController.swift */; };
		FA08E3962B6ABB76009A2A24 /* CreateAccViewController.swift in Sources */ = {isa = PBXBuildFile; fileRef = FA08E3952B6ABB76009A2A24 /* CreateAccViewController.swift */; };
		FA08E3982B6AD38F009A2A24 /* MainPageViewController.swift in Sources */ = {isa = PBXBuildFile; fileRef = FA08E3972B6AD38F009A2A24 /* MainPageViewController.swift */; };
		FA08E39A2B6AD426009A2A24 /* OffersModel.swift in Sources */ = {isa = PBXBuildFile; fileRef = FA08E3992B6AD426009A2A24 /* OffersModel.swift */; };
		FA08E39C2B6AD9BE009A2A24 /* SliderCell.swift in Sources */ = {isa = PBXBuildFile; fileRef = FA08E39B2B6AD9BE009A2A24 /* SliderCell.swift */; };
		FA08E39E2B6ADB6F009A2A24 /* UIImageView + Extension.swift in Sources */ = {isa = PBXBuildFile; fileRef = FA08E39D2B6ADB6F009A2A24 /* UIImageView + Extension.swift */; };
		FA08E3C62B6D860F009A2A24 /* AppDelegate.swift in Sources */ = {isa = PBXBuildFile; fileRef = FA08E3C52B6D860F009A2A24 /* AppDelegate.swift */; };
		FA08E3C82B6D860F009A2A24 /* SceneDelegate.swift in Sources */ = {isa = PBXBuildFile; fileRef = FA08E3C72B6D860F009A2A24 /* SceneDelegate.swift */; };
		FA08E3CA2B6D860F009A2A24 /* ViewController.swift in Sources */ = {isa = PBXBuildFile; fileRef = FA08E3C92B6D860F009A2A24 /* ViewController.swift */; };
		FA08E3CF2B6D8611009A2A24 /* Assets.xcassets in Resources */ = {isa = PBXBuildFile; fileRef = FA08E3CE2B6D8611009A2A24 /* Assets.xcassets */; };
		FA08E3D22B6D8611009A2A24 /* LaunchScreen.storyboard in Resources */ = {isa = PBXBuildFile; fileRef = FA08E3D02B6D8611009A2A24 /* LaunchScreen.storyboard */; };
		FA0ADFDF2B6AAAC8001E9E8F /* Color.swift in Sources */ = {isa = PBXBuildFile; fileRef = FA0ADFDE2B6AAAC8001E9E8F /* Color.swift */; };
		FA1125192B6A7CF500E6BD22 /* AuthViewController.swift in Sources */ = {isa = PBXBuildFile; fileRef = FA1125182B6A7CF500E6BD22 /* AuthViewController.swift */; };
		FA11251B2B6A9DAF00E6BD22 /* UITextField + Extension.swift in Sources */ = {isa = PBXBuildFile; fileRef = FA11251A2B6A9DAF00E6BD22 /* UITextField + Extension.swift */; };
		FA4854852B558FAF00F48E2E /* AppDelegate.swift in Sources */ = {isa = PBXBuildFile; fileRef = FA4854842B558FAF00F48E2E /* AppDelegate.swift */; };
		FA4854872B558FAF00F48E2E /* SceneDelegate.swift in Sources */ = {isa = PBXBuildFile; fileRef = FA4854862B558FAF00F48E2E /* SceneDelegate.swift */; };
		FA4854892B558FAF00F48E2E /* ProfileViewController.swift in Sources */ = {isa = PBXBuildFile; fileRef = FA4854882B558FAF00F48E2E /* ProfileViewController.swift */; };
		FA48548C2B558FAF00F48E2E /* Main.storyboard in Resources */ = {isa = PBXBuildFile; fileRef = FA48548A2B558FAF00F48E2E /* Main.storyboard */; };
		FA48548E2B558FB200F48E2E /* Assets.xcassets in Resources */ = {isa = PBXBuildFile; fileRef = FA48548D2B558FB200F48E2E /* Assets.xcassets */; };
		FA4854912B558FB200F48E2E /* LaunchScreen.storyboard in Resources */ = {isa = PBXBuildFile; fileRef = FA48548F2B558FB200F48E2E /* LaunchScreen.storyboard */; };
		FA48BC332B4D5FE10056F4B8 /* AppDelegate.swift in Sources */ = {isa = PBXBuildFile; fileRef = FA48BC322B4D5FE10056F4B8 /* AppDelegate.swift */; };
		FA48BC352B4D5FE10056F4B8 /* SceneDelegate.swift in Sources */ = {isa = PBXBuildFile; fileRef = FA48BC342B4D5FE10056F4B8 /* SceneDelegate.swift */; };
		FA48BC372B4D5FE10056F4B8 /* ViewController.swift in Sources */ = {isa = PBXBuildFile; fileRef = FA48BC362B4D5FE10056F4B8 /* ViewController.swift */; };
		FA48BC3A2B4D5FE10056F4B8 /* Main.storyboard in Resources */ = {isa = PBXBuildFile; fileRef = FA48BC382B4D5FE10056F4B8 /* Main.storyboard */; };
		FA48BC3C2B4D5FE30056F4B8 /* Assets.xcassets in Resources */ = {isa = PBXBuildFile; fileRef = FA48BC3B2B4D5FE30056F4B8 /* Assets.xcassets */; };
		FA48BC3F2B4D5FE30056F4B8 /* LaunchScreen.storyboard in Resources */ = {isa = PBXBuildFile; fileRef = FA48BC3D2B4D5FE30056F4B8 /* LaunchScreen.storyboard */; };
		FA5204E72B56D6C90019C05F /* SettingsViewController.swift in Sources */ = {isa = PBXBuildFile; fileRef = FA5204E62B56D6C90019C05F /* SettingsViewController.swift */; };
		FA589C352B610D2300EF51AA /* AppDelegate.swift in Sources */ = {isa = PBXBuildFile; fileRef = FA589C342B610D2300EF51AA /* AppDelegate.swift */; };
		FA589C372B610D2300EF51AA /* SceneDelegate.swift in Sources */ = {isa = PBXBuildFile; fileRef = FA589C362B610D2300EF51AA /* SceneDelegate.swift */; };
		FA589C392B610D2300EF51AA /* ViewController.swift in Sources */ = {isa = PBXBuildFile; fileRef = FA589C382B610D2300EF51AA /* ViewController.swift */; };
		FA589C3E2B610D2400EF51AA /* Assets.xcassets in Resources */ = {isa = PBXBuildFile; fileRef = FA589C3D2B610D2400EF51AA /* Assets.xcassets */; };
		FA589C412B610D2400EF51AA /* LaunchScreen.storyboard in Resources */ = {isa = PBXBuildFile; fileRef = FA589C3F2B610D2400EF51AA /* LaunchScreen.storyboard */; };
		FA589C472B610F2000EF51AA /* TableCell.swift in Sources */ = {isa = PBXBuildFile; fileRef = FA589C462B610F2000EF51AA /* TableCell.swift */; };
		FA5E10582B6AA1BC00F47BDA /* UIButton + Extension.swift in Sources */ = {isa = PBXBuildFile; fileRef = FA5E10572B6AA1BC00F47BDA /* UIButton + Extension.swift */; };
		FA6EE0AB2B63FCAA000BD794 /* AppDelegate.swift in Sources */ = {isa = PBXBuildFile; fileRef = FA6EE0AA2B63FCAA000BD794 /* AppDelegate.swift */; };
		FA6EE0AD2B63FCAA000BD794 /* SceneDelegate.swift in Sources */ = {isa = PBXBuildFile; fileRef = FA6EE0AC2B63FCAA000BD794 /* SceneDelegate.swift */; };
		FA6EE0AF2B63FCAA000BD794 /* ViewController.swift in Sources */ = {isa = PBXBuildFile; fileRef = FA6EE0AE2B63FCAA000BD794 /* ViewController.swift */; };
		FA6EE0B42B63FCAB000BD794 /* Assets.xcassets in Resources */ = {isa = PBXBuildFile; fileRef = FA6EE0B32B63FCAB000BD794 /* Assets.xcassets */; };
		FA6EE0B72B63FCAB000BD794 /* LaunchScreen.storyboard in Resources */ = {isa = PBXBuildFile; fileRef = FA6EE0B52B63FCAB000BD794 /* LaunchScreen.storyboard */; };
		FA6EE0BD2B63FD2B000BD794 /* TableCell.swift in Sources */ = {isa = PBXBuildFile; fileRef = FA6EE0BC2B63FD2B000BD794 /* TableCell.swift */; };
		FA6EE0BF2B6401C6000BD794 /* AboutCity.swift in Sources */ = {isa = PBXBuildFile; fileRef = FA6EE0BE2B6401C6000BD794 /* AboutCity.swift */; };
		FA7725D42B51B62C00CFA339 /* AppDelegate.swift in Sources */ = {isa = PBXBuildFile; fileRef = FA7725D32B51B62C00CFA339 /* AppDelegate.swift */; };
		FA7725D62B51B62C00CFA339 /* SceneDelegate.swift in Sources */ = {isa = PBXBuildFile; fileRef = FA7725D52B51B62C00CFA339 /* SceneDelegate.swift */; };
		FA7725D82B51B62C00CFA339 /* ViewController.swift in Sources */ = {isa = PBXBuildFile; fileRef = FA7725D72B51B62C00CFA339 /* ViewController.swift */; };
		FA7725DB2B51B62C00CFA339 /* Main.storyboard in Resources */ = {isa = PBXBuildFile; fileRef = FA7725D92B51B62C00CFA339 /* Main.storyboard */; };
		FA7725DD2B51B62E00CFA339 /* Assets.xcassets in Resources */ = {isa = PBXBuildFile; fileRef = FA7725DC2B51B62E00CFA339 /* Assets.xcassets */; };
		FA7725E02B51B62E00CFA339 /* LaunchScreen.storyboard in Resources */ = {isa = PBXBuildFile; fileRef = FA7725DE2B51B62E00CFA339 /* LaunchScreen.storyboard */; };
		FA77A1302B6A66B7002A0A7F /* OnboardingCell.swift in Sources */ = {isa = PBXBuildFile; fileRef = FA77A12F2B6A66B7002A0A7F /* OnboardingCell.swift */; };
		FA81DAD02B5DA2F9004F133B /* InfoViewContoller.swift in Sources */ = {isa = PBXBuildFile; fileRef = FA81DACF2B5DA2F9004F133B /* InfoViewContoller.swift */; };
		FAAF15A62B698F7F00C06E74 /* AppDelegate.swift in Sources */ = {isa = PBXBuildFile; fileRef = FAAF15A52B698F7F00C06E74 /* AppDelegate.swift */; };
		FAAF15A82B698F7F00C06E74 /* SceneDelegate.swift in Sources */ = {isa = PBXBuildFile; fileRef = FAAF15A72B698F7F00C06E74 /* SceneDelegate.swift */; };
		FAAF15AA2B698F7F00C06E74 /* ViewController.swift in Sources */ = {isa = PBXBuildFile; fileRef = FAAF15A92B698F7F00C06E74 /* ViewController.swift */; };
		FAAF15AF2B698F8100C06E74 /* Assets.xcassets in Resources */ = {isa = PBXBuildFile; fileRef = FAAF15AE2B698F8100C06E74 /* Assets.xcassets */; };
		FAAF15B22B698F8100C06E74 /* LaunchScreen.storyboard in Resources */ = {isa = PBXBuildFile; fileRef = FAAF15B02B698F8100C06E74 /* LaunchScreen.storyboard */; };
		FAAF15B82B6990F200C06E74 /* OnboardingModel.swift in Sources */ = {isa = PBXBuildFile; fileRef = FAAF15B72B6990F200C06E74 /* OnboardingModel.swift */; };
		FAE2DB282B6AA630005094F3 /* UILabel + Extension.swift in Sources */ = {isa = PBXBuildFile; fileRef = FAE2DB272B6AA630005094F3 /* UILabel + Extension.swift */; };
		FAF2CBD12B5FE5BF004055B7 /* AppDelegate.swift in Sources */ = {isa = PBXBuildFile; fileRef = FAF2CBD02B5FE5BF004055B7 /* AppDelegate.swift */; };
		FAF2CBD32B5FE5BF004055B7 /* SceneDelegate.swift in Sources */ = {isa = PBXBuildFile; fileRef = FAF2CBD22B5FE5BF004055B7 /* SceneDelegate.swift */; };
		FAF2CBD52B5FE5BF004055B7 /* ProfileViewController.swift in Sources */ = {isa = PBXBuildFile; fileRef = FAF2CBD42B5FE5BF004055B7 /* ProfileViewController.swift */; };
		FAF2CBDA2B5FE5C1004055B7 /* Assets.xcassets in Resources */ = {isa = PBXBuildFile; fileRef = FAF2CBD92B5FE5C1004055B7 /* Assets.xcassets */; };
		FAF2CBDD2B5FE5C1004055B7 /* LaunchScreen.storyboard in Resources */ = {isa = PBXBuildFile; fileRef = FAF2CBDB2B5FE5C1004055B7 /* LaunchScreen.storyboard */; };
		FAF2CBE32B5FE629004055B7 /* SettingsViewController.swift in Sources */ = {isa = PBXBuildFile; fileRef = FAF2CBE22B5FE629004055B7 /* SettingsViewController.swift */; };
		FAF2CBE52B5FE63F004055B7 /* InfoViewContoller.swift in Sources */ = {isa = PBXBuildFile; fileRef = FAF2CBE42B5FE63F004055B7 /* InfoViewContoller.swift */; };
/* End PBXBuildFile section */

/* Begin PBXFileReference section */
		FA0787BF2B5D8E8F0014206B /* Homework4.app */ = {isa = PBXFileReference; explicitFileType = wrapper.application; includeInIndex = 0; path = Homework4.app; sourceTree = BUILT_PRODUCTS_DIR; };
		FA0787C12B5D8E8F0014206B /* AppDelegate.swift */ = {isa = PBXFileReference; lastKnownFileType = sourcecode.swift; path = AppDelegate.swift; sourceTree = "<group>"; };
		FA0787C32B5D8E8F0014206B /* SceneDelegate.swift */ = {isa = PBXFileReference; lastKnownFileType = sourcecode.swift; path = SceneDelegate.swift; sourceTree = "<group>"; };
		FA0787C52B5D8E8F0014206B /* ProfileViewController.swift */ = {isa = PBXFileReference; lastKnownFileType = sourcecode.swift; path = ProfileViewController.swift; sourceTree = "<group>"; };
		FA0787CA2B5D8E910014206B /* Assets.xcassets */ = {isa = PBXFileReference; lastKnownFileType = folder.assetcatalog; path = Assets.xcassets; sourceTree = "<group>"; };
		FA0787CD2B5D8E910014206B /* Base */ = {isa = PBXFileReference; lastKnownFileType = file.storyboard; name = Base; path = Base.lproj/LaunchScreen.storyboard; sourceTree = "<group>"; };
		FA0787CF2B5D8E910014206B /* Info.plist */ = {isa = PBXFileReference; lastKnownFileType = text.plist.xml; path = Info.plist; sourceTree = "<group>"; };
		FA0787D32B5D8EE20014206B /* SettingsViewController.swift */ = {isa = PBXFileReference; lastKnownFileType = sourcecode.swift; path = SettingsViewController.swift; sourceTree = "<group>"; };
		FA08E3932B6AB0A1009A2A24 /* ForgotPassViewController.swift */ = {isa = PBXFileReference; lastKnownFileType = sourcecode.swift; path = ForgotPassViewController.swift; sourceTree = "<group>"; };
		FA08E3952B6ABB76009A2A24 /* CreateAccViewController.swift */ = {isa = PBXFileReference; lastKnownFileType = sourcecode.swift; path = CreateAccViewController.swift; sourceTree = "<group>"; };
		FA08E3972B6AD38F009A2A24 /* MainPageViewController.swift */ = {isa = PBXFileReference; lastKnownFileType = sourcecode.swift; path = MainPageViewController.swift; sourceTree = "<group>"; };
		FA08E3992B6AD426009A2A24 /* OffersModel.swift */ = {isa = PBXFileReference; lastKnownFileType = sourcecode.swift; path = OffersModel.swift; sourceTree = "<group>"; };
		FA08E39B2B6AD9BE009A2A24 /* SliderCell.swift */ = {isa = PBXFileReference; lastKnownFileType = sourcecode.swift; path = SliderCell.swift; sourceTree = "<group>"; };
		FA08E39D2B6ADB6F009A2A24 /* UIImageView + Extension.swift */ = {isa = PBXFileReference; lastKnownFileType = sourcecode.swift; path = "UIImageView + Extension.swift"; sourceTree = "<group>"; };
		FA08E3C32B6D860E009A2A24 /* Drink.app */ = {isa = PBXFileReference; explicitFileType = wrapper.application; includeInIndex = 0; path = Drink.app; sourceTree = BUILT_PRODUCTS_DIR; };
		FA08E3C52B6D860F009A2A24 /* AppDelegate.swift */ = {isa = PBXFileReference; lastKnownFileType = sourcecode.swift; path = AppDelegate.swift; sourceTree = "<group>"; };
		FA08E3C72B6D860F009A2A24 /* SceneDelegate.swift */ = {isa = PBXFileReference; lastKnownFileType = sourcecode.swift; path = SceneDelegate.swift; sourceTree = "<group>"; };
		FA08E3C92B6D860F009A2A24 /* ViewController.swift */ = {isa = PBXFileReference; lastKnownFileType = sourcecode.swift; path = ViewController.swift; sourceTree = "<group>"; };
		FA08E3CE2B6D8611009A2A24 /* Assets.xcassets */ = {isa = PBXFileReference; lastKnownFileType = folder.assetcatalog; path = Assets.xcassets; sourceTree = "<group>"; };
		FA08E3D12B6D8611009A2A24 /* Base */ = {isa = PBXFileReference; lastKnownFileType = file.storyboard; name = Base; path = Base.lproj/LaunchScreen.storyboard; sourceTree = "<group>"; };
		FA08E3D32B6D8611009A2A24 /* Info.plist */ = {isa = PBXFileReference; lastKnownFileType = text.plist.xml; path = Info.plist; sourceTree = "<group>"; };
		FA0ADFDE2B6AAAC8001E9E8F /* Color.swift */ = {isa = PBXFileReference; lastKnownFileType = sourcecode.swift; path = Color.swift; sourceTree = "<group>"; };
		FA1125182B6A7CF500E6BD22 /* AuthViewController.swift */ = {isa = PBXFileReference; lastKnownFileType = sourcecode.swift; path = AuthViewController.swift; sourceTree = "<group>"; };
		FA11251A2B6A9DAF00E6BD22 /* UITextField + Extension.swift */ = {isa = PBXFileReference; lastKnownFileType = sourcecode.swift; path = "UITextField + Extension.swift"; sourceTree = "<group>"; };
		FA4854822B558FAF00F48E2E /* Homework3.app */ = {isa = PBXFileReference; explicitFileType = wrapper.application; includeInIndex = 0; path = Homework3.app; sourceTree = BUILT_PRODUCTS_DIR; };
		FA4854842B558FAF00F48E2E /* AppDelegate.swift */ = {isa = PBXFileReference; lastKnownFileType = sourcecode.swift; path = AppDelegate.swift; sourceTree = "<group>"; };
		FA4854862B558FAF00F48E2E /* SceneDelegate.swift */ = {isa = PBXFileReference; lastKnownFileType = sourcecode.swift; path = SceneDelegate.swift; sourceTree = "<group>"; };
		FA4854882B558FAF00F48E2E /* ProfileViewController.swift */ = {isa = PBXFileReference; lastKnownFileType = sourcecode.swift; path = ProfileViewController.swift; sourceTree = "<group>"; };
		FA48548B2B558FAF00F48E2E /* Base */ = {isa = PBXFileReference; lastKnownFileType = file.storyboard; name = Base; path = Base.lproj/Main.storyboard; sourceTree = "<group>"; };
		FA48548D2B558FB200F48E2E /* Assets.xcassets */ = {isa = PBXFileReference; lastKnownFileType = folder.assetcatalog; path = Assets.xcassets; sourceTree = "<group>"; };
		FA4854902B558FB200F48E2E /* Base */ = {isa = PBXFileReference; lastKnownFileType = file.storyboard; name = Base; path = Base.lproj/LaunchScreen.storyboard; sourceTree = "<group>"; };
		FA4854922B558FB200F48E2E /* Info.plist */ = {isa = PBXFileReference; lastKnownFileType = text.plist.xml; path = Info.plist; sourceTree = "<group>"; };
		FA48BC2F2B4D5FE10056F4B8 /* ErrorNilUnit2Homeworks.app */ = {isa = PBXFileReference; explicitFileType = wrapper.application; includeInIndex = 0; path = ErrorNilUnit2Homeworks.app; sourceTree = BUILT_PRODUCTS_DIR; };
		FA48BC322B4D5FE10056F4B8 /* AppDelegate.swift */ = {isa = PBXFileReference; lastKnownFileType = sourcecode.swift; path = AppDelegate.swift; sourceTree = "<group>"; };
		FA48BC342B4D5FE10056F4B8 /* SceneDelegate.swift */ = {isa = PBXFileReference; lastKnownFileType = sourcecode.swift; path = SceneDelegate.swift; sourceTree = "<group>"; };
		FA48BC362B4D5FE10056F4B8 /* ViewController.swift */ = {isa = PBXFileReference; lastKnownFileType = sourcecode.swift; path = ViewController.swift; sourceTree = "<group>"; };
		FA48BC392B4D5FE10056F4B8 /* Base */ = {isa = PBXFileReference; lastKnownFileType = file.storyboard; name = Base; path = Base.lproj/Main.storyboard; sourceTree = "<group>"; };
		FA48BC3B2B4D5FE30056F4B8 /* Assets.xcassets */ = {isa = PBXFileReference; lastKnownFileType = folder.assetcatalog; path = Assets.xcassets; sourceTree = "<group>"; };
		FA48BC3E2B4D5FE30056F4B8 /* Base */ = {isa = PBXFileReference; lastKnownFileType = file.storyboard; name = Base; path = Base.lproj/LaunchScreen.storyboard; sourceTree = "<group>"; };
		FA48BC402B4D5FE30056F4B8 /* Info.plist */ = {isa = PBXFileReference; lastKnownFileType = text.plist.xml; path = Info.plist; sourceTree = "<group>"; };
		FA5204E62B56D6C90019C05F /* SettingsViewController.swift */ = {isa = PBXFileReference; lastKnownFileType = sourcecode.swift; path = SettingsViewController.swift; sourceTree = "<group>"; };
		FA589C322B610D2300EF51AA /* Homework5.1.app */ = {isa = PBXFileReference; explicitFileType = wrapper.application; includeInIndex = 0; path = Homework5.1.app; sourceTree = BUILT_PRODUCTS_DIR; };
		FA589C342B610D2300EF51AA /* AppDelegate.swift */ = {isa = PBXFileReference; lastKnownFileType = sourcecode.swift; path = AppDelegate.swift; sourceTree = "<group>"; };
		FA589C362B610D2300EF51AA /* SceneDelegate.swift */ = {isa = PBXFileReference; lastKnownFileType = sourcecode.swift; path = SceneDelegate.swift; sourceTree = "<group>"; };
		FA589C382B610D2300EF51AA /* ViewController.swift */ = {isa = PBXFileReference; lastKnownFileType = sourcecode.swift; path = ViewController.swift; sourceTree = "<group>"; };
		FA589C3D2B610D2400EF51AA /* Assets.xcassets */ = {isa = PBXFileReference; lastKnownFileType = folder.assetcatalog; path = Assets.xcassets; sourceTree = "<group>"; };
		FA589C402B610D2400EF51AA /* Base */ = {isa = PBXFileReference; lastKnownFileType = file.storyboard; name = Base; path = Base.lproj/LaunchScreen.storyboard; sourceTree = "<group>"; };
		FA589C422B610D2400EF51AA /* Info.plist */ = {isa = PBXFileReference; lastKnownFileType = text.plist.xml; path = Info.plist; sourceTree = "<group>"; };
		FA589C462B610F2000EF51AA /* TableCell.swift */ = {isa = PBXFileReference; lastKnownFileType = sourcecode.swift; path = TableCell.swift; sourceTree = "<group>"; };
		FA5E10572B6AA1BC00F47BDA /* UIButton + Extension.swift */ = {isa = PBXFileReference; lastKnownFileType = sourcecode.swift; path = "UIButton + Extension.swift"; sourceTree = "<group>"; };
		FA6EE0A82B63FCAA000BD794 /* Homework6.app */ = {isa = PBXFileReference; explicitFileType = wrapper.application; includeInIndex = 0; path = Homework6.app; sourceTree = BUILT_PRODUCTS_DIR; };
		FA6EE0AA2B63FCAA000BD794 /* AppDelegate.swift */ = {isa = PBXFileReference; lastKnownFileType = sourcecode.swift; path = AppDelegate.swift; sourceTree = "<group>"; };
		FA6EE0AC2B63FCAA000BD794 /* SceneDelegate.swift */ = {isa = PBXFileReference; lastKnownFileType = sourcecode.swift; path = SceneDelegate.swift; sourceTree = "<group>"; };
		FA6EE0AE2B63FCAA000BD794 /* ViewController.swift */ = {isa = PBXFileReference; lastKnownFileType = sourcecode.swift; path = ViewController.swift; sourceTree = "<group>"; };
		FA6EE0B32B63FCAB000BD794 /* Assets.xcassets */ = {isa = PBXFileReference; lastKnownFileType = folder.assetcatalog; path = Assets.xcassets; sourceTree = "<group>"; };
		FA6EE0B62B63FCAB000BD794 /* Base */ = {isa = PBXFileReference; lastKnownFileType = file.storyboard; name = Base; path = Base.lproj/LaunchScreen.storyboard; sourceTree = "<group>"; };
		FA6EE0B82B63FCAB000BD794 /* Info.plist */ = {isa = PBXFileReference; lastKnownFileType = text.plist.xml; path = Info.plist; sourceTree = "<group>"; };
		FA6EE0BC2B63FD2B000BD794 /* TableCell.swift */ = {isa = PBXFileReference; lastKnownFileType = sourcecode.swift; path = TableCell.swift; sourceTree = "<group>"; };
		FA6EE0BE2B6401C6000BD794 /* AboutCity.swift */ = {isa = PBXFileReference; lastKnownFileType = sourcecode.swift; path = AboutCity.swift; sourceTree = "<group>"; };
		FA7725D12B51B62C00CFA339 /* Homework2.app */ = {isa = PBXFileReference; explicitFileType = wrapper.application; includeInIndex = 0; path = Homework2.app; sourceTree = BUILT_PRODUCTS_DIR; };
		FA7725D32B51B62C00CFA339 /* AppDelegate.swift */ = {isa = PBXFileReference; lastKnownFileType = sourcecode.swift; path = AppDelegate.swift; sourceTree = "<group>"; };
		FA7725D52B51B62C00CFA339 /* SceneDelegate.swift */ = {isa = PBXFileReference; lastKnownFileType = sourcecode.swift; path = SceneDelegate.swift; sourceTree = "<group>"; };
		FA7725D72B51B62C00CFA339 /* ViewController.swift */ = {isa = PBXFileReference; lastKnownFileType = sourcecode.swift; path = ViewController.swift; sourceTree = "<group>"; };
		FA7725DA2B51B62C00CFA339 /* Base */ = {isa = PBXFileReference; lastKnownFileType = file.storyboard; name = Base; path = Base.lproj/Main.storyboard; sourceTree = "<group>"; };
		FA7725DC2B51B62E00CFA339 /* Assets.xcassets */ = {isa = PBXFileReference; lastKnownFileType = folder.assetcatalog; path = Assets.xcassets; sourceTree = "<group>"; };
		FA7725DF2B51B62E00CFA339 /* Base */ = {isa = PBXFileReference; lastKnownFileType = file.storyboard; name = Base; path = Base.lproj/LaunchScreen.storyboard; sourceTree = "<group>"; };
		FA7725E12B51B62E00CFA339 /* Info.plist */ = {isa = PBXFileReference; lastKnownFileType = text.plist.xml; path = Info.plist; sourceTree = "<group>"; };
		FA77A12F2B6A66B7002A0A7F /* OnboardingCell.swift */ = {isa = PBXFileReference; lastKnownFileType = sourcecode.swift; path = OnboardingCell.swift; sourceTree = "<group>"; };
		FA81DACF2B5DA2F9004F133B /* InfoViewContoller.swift */ = {isa = PBXFileReference; lastKnownFileType = sourcecode.swift; path = InfoViewContoller.swift; sourceTree = "<group>"; };
		FAAF15A32B698F7F00C06E74 /* Fly.app */ = {isa = PBXFileReference; explicitFileType = wrapper.application; includeInIndex = 0; path = Fly.app; sourceTree = BUILT_PRODUCTS_DIR; };
		FAAF15A52B698F7F00C06E74 /* AppDelegate.swift */ = {isa = PBXFileReference; lastKnownFileType = sourcecode.swift; path = AppDelegate.swift; sourceTree = "<group>"; };
		FAAF15A72B698F7F00C06E74 /* SceneDelegate.swift */ = {isa = PBXFileReference; lastKnownFileType = sourcecode.swift; path = SceneDelegate.swift; sourceTree = "<group>"; };
		FAAF15A92B698F7F00C06E74 /* ViewController.swift */ = {isa = PBXFileReference; lastKnownFileType = sourcecode.swift; path = ViewController.swift; sourceTree = "<group>"; };
		FAAF15AE2B698F8100C06E74 /* Assets.xcassets */ = {isa = PBXFileReference; lastKnownFileType = folder.assetcatalog; path = Assets.xcassets; sourceTree = "<group>"; };
		FAAF15B12B698F8100C06E74 /* Base */ = {isa = PBXFileReference; lastKnownFileType = file.storyboard; name = Base; path = Base.lproj/LaunchScreen.storyboard; sourceTree = "<group>"; };
		FAAF15B32B698F8100C06E74 /* Info.plist */ = {isa = PBXFileReference; lastKnownFileType = text.plist.xml; path = Info.plist; sourceTree = "<group>"; };
		FAAF15B72B6990F200C06E74 /* OnboardingModel.swift */ = {isa = PBXFileReference; lastKnownFileType = sourcecode.swift; path = OnboardingModel.swift; sourceTree = "<group>"; };
		FAE2DB272B6AA630005094F3 /* UILabel + Extension.swift */ = {isa = PBXFileReference; lastKnownFileType = sourcecode.swift; path = "UILabel + Extension.swift"; sourceTree = "<group>"; };
		FAF2CBCE2B5FE5BF004055B7 /* Homework5.app */ = {isa = PBXFileReference; explicitFileType = wrapper.application; includeInIndex = 0; path = Homework5.app; sourceTree = BUILT_PRODUCTS_DIR; };
		FAF2CBD02B5FE5BF004055B7 /* AppDelegate.swift */ = {isa = PBXFileReference; lastKnownFileType = sourcecode.swift; path = AppDelegate.swift; sourceTree = "<group>"; };
		FAF2CBD22B5FE5BF004055B7 /* SceneDelegate.swift */ = {isa = PBXFileReference; lastKnownFileType = sourcecode.swift; path = SceneDelegate.swift; sourceTree = "<group>"; };
		FAF2CBD42B5FE5BF004055B7 /* ProfileViewController.swift */ = {isa = PBXFileReference; lastKnownFileType = sourcecode.swift; path = ProfileViewController.swift; sourceTree = "<group>"; };
		FAF2CBD92B5FE5C1004055B7 /* Assets.xcassets */ = {isa = PBXFileReference; lastKnownFileType = folder.assetcatalog; path = Assets.xcassets; sourceTree = "<group>"; };
		FAF2CBDC2B5FE5C1004055B7 /* Base */ = {isa = PBXFileReference; lastKnownFileType = file.storyboard; name = Base; path = Base.lproj/LaunchScreen.storyboard; sourceTree = "<group>"; };
		FAF2CBDE2B5FE5C1004055B7 /* Info.plist */ = {isa = PBXFileReference; lastKnownFileType = text.plist.xml; path = Info.plist; sourceTree = "<group>"; };
		FAF2CBE22B5FE629004055B7 /* SettingsViewController.swift */ = {isa = PBXFileReference; lastKnownFileType = sourcecode.swift; path = SettingsViewController.swift; sourceTree = "<group>"; };
		FAF2CBE42B5FE63F004055B7 /* InfoViewContoller.swift */ = {isa = PBXFileReference; lastKnownFileType = sourcecode.swift; path = InfoViewContoller.swift; sourceTree = "<group>"; };
/* End PBXFileReference section */

/* Begin PBXFrameworksBuildPhase section */
		FA0787BC2B5D8E8F0014206B /* Frameworks */ = {
			isa = PBXFrameworksBuildPhase;
			buildActionMask = 2147483647;
			files = (
			);
			runOnlyForDeploymentPostprocessing = 0;
		};
		FA08E3C02B6D860E009A2A24 /* Frameworks */ = {
			isa = PBXFrameworksBuildPhase;
			buildActionMask = 2147483647;
			files = (
			);
			runOnlyForDeploymentPostprocessing = 0;
		};
		FA48547F2B558FAF00F48E2E /* Frameworks */ = {
			isa = PBXFrameworksBuildPhase;
			buildActionMask = 2147483647;
			files = (
			);
			runOnlyForDeploymentPostprocessing = 0;
		};
		FA48BC2C2B4D5FE10056F4B8 /* Frameworks */ = {
			isa = PBXFrameworksBuildPhase;
			buildActionMask = 2147483647;
			files = (
			);
			runOnlyForDeploymentPostprocessing = 0;
		};
		FA589C2F2B610D2300EF51AA /* Frameworks */ = {
			isa = PBXFrameworksBuildPhase;
			buildActionMask = 2147483647;
			files = (
			);
			runOnlyForDeploymentPostprocessing = 0;
		};
		FA6EE0A52B63FCAA000BD794 /* Frameworks */ = {
			isa = PBXFrameworksBuildPhase;
			buildActionMask = 2147483647;
			files = (
			);
			runOnlyForDeploymentPostprocessing = 0;
		};
		FA7725CE2B51B62C00CFA339 /* Frameworks */ = {
			isa = PBXFrameworksBuildPhase;
			buildActionMask = 2147483647;
			files = (
			);
			runOnlyForDeploymentPostprocessing = 0;
		};
		FAAF15A02B698F7F00C06E74 /* Frameworks */ = {
			isa = PBXFrameworksBuildPhase;
			buildActionMask = 2147483647;
			files = (
			);
			runOnlyForDeploymentPostprocessing = 0;
		};
		FAF2CBCB2B5FE5BF004055B7 /* Frameworks */ = {
			isa = PBXFrameworksBuildPhase;
			buildActionMask = 2147483647;
			files = (
			);
			runOnlyForDeploymentPostprocessing = 0;
		};
/* End PBXFrameworksBuildPhase section */

/* Begin PBXGroup section */
		FA0787C02B5D8E8F0014206B /* Homework4 */ = {
			isa = PBXGroup;
			children = (
				FA0787C12B5D8E8F0014206B /* AppDelegate.swift */,
				FA0787C32B5D8E8F0014206B /* SceneDelegate.swift */,
				FA0787C52B5D8E8F0014206B /* ProfileViewController.swift */,
				FA0787D32B5D8EE20014206B /* SettingsViewController.swift */,
				FA81DACF2B5DA2F9004F133B /* InfoViewContoller.swift */,
				FA0787CA2B5D8E910014206B /* Assets.xcassets */,
				FA0787CC2B5D8E910014206B /* LaunchScreen.storyboard */,
				FA0787CF2B5D8E910014206B /* Info.plist */,
			);
			path = Homework4;
			sourceTree = "<group>";
		};
		FA08E3912B6AAC27009A2A24 /* ViewControllers */ = {
			isa = PBXGroup;
			children = (
				FAAF15A92B698F7F00C06E74 /* ViewController.swift */,
				FA1125182B6A7CF500E6BD22 /* AuthViewController.swift */,
				FA08E3932B6AB0A1009A2A24 /* ForgotPassViewController.swift */,
				FA08E3952B6ABB76009A2A24 /* CreateAccViewController.swift */,
				FA08E3972B6AD38F009A2A24 /* MainPageViewController.swift */,
			);
			path = ViewControllers;
			sourceTree = "<group>";
		};
		FA08E3922B6AAC3C009A2A24 /* Cells */ = {
			isa = PBXGroup;
			children = (
				FA77A12F2B6A66B7002A0A7F /* OnboardingCell.swift */,
				FA08E39B2B6AD9BE009A2A24 /* SliderCell.swift */,
			);
			path = Cells;
			sourceTree = "<group>";
		};
		FA08E3C42B6D860F009A2A24 /* Drink */ = {
			isa = PBXGroup;
			children = (
				FA08E3C52B6D860F009A2A24 /* AppDelegate.swift */,
				FA08E3C72B6D860F009A2A24 /* SceneDelegate.swift */,
				FA08E3C92B6D860F009A2A24 /* ViewController.swift */,
				FA08E3CE2B6D8611009A2A24 /* Assets.xcassets */,
				FA08E3D02B6D8611009A2A24 /* LaunchScreen.storyboard */,
				FA08E3D32B6D8611009A2A24 /* Info.plist */,
			);
			path = Drink;
			sourceTree = "<group>";
		};
		FA0ADFE02B6AAAF1001E9E8F /* Constants */ = {
			isa = PBXGroup;
			children = (
				FA0ADFDE2B6AAAC8001E9E8F /* Color.swift */,
			);
			path = Constants;
			sourceTree = "<group>";
		};
		FA0ADFE12B6AAB0A001E9E8F /* Models */ = {
			isa = PBXGroup;
			children = (
				FAAF15B72B6990F200C06E74 /* OnboardingModel.swift */,
				FA08E3992B6AD426009A2A24 /* OffersModel.swift */,
			);
			path = Models;
			sourceTree = "<group>";
		};
		FA0ADFE22B6AAB1A001E9E8F /* Extensions */ = {
			isa = PBXGroup;
			children = (
				FA11251A2B6A9DAF00E6BD22 /* UITextField + Extension.swift */,
				FA5E10572B6AA1BC00F47BDA /* UIButton + Extension.swift */,
				FAE2DB272B6AA630005094F3 /* UILabel + Extension.swift */,
				FA08E39D2B6ADB6F009A2A24 /* UIImageView + Extension.swift */,
			);
			path = Extensions;
			sourceTree = "<group>";
		};
		FA4854832B558FAF00F48E2E /* Homework3 */ = {
			isa = PBXGroup;
			children = (
				FA4854842B558FAF00F48E2E /* AppDelegate.swift */,
				FA4854862B558FAF00F48E2E /* SceneDelegate.swift */,
				FA4854882B558FAF00F48E2E /* ProfileViewController.swift */,
				FA5204E62B56D6C90019C05F /* SettingsViewController.swift */,
				FA48548A2B558FAF00F48E2E /* Main.storyboard */,
				FA48548D2B558FB200F48E2E /* Assets.xcassets */,
				FA48548F2B558FB200F48E2E /* LaunchScreen.storyboard */,
				FA4854922B558FB200F48E2E /* Info.plist */,
			);
			path = Homework3;
			sourceTree = "<group>";
		};
		FA48BC262B4D5FE10056F4B8 = {
			isa = PBXGroup;
			children = (
				FA48BC312B4D5FE10056F4B8 /* ErrorNilUnit2Homeworks */,
				FA7725D22B51B62C00CFA339 /* Homework2 */,
				FA4854832B558FAF00F48E2E /* Homework3 */,
				FA0787C02B5D8E8F0014206B /* Homework4 */,
				FAF2CBCF2B5FE5BF004055B7 /* Homework5 */,
				FA589C332B610D2300EF51AA /* Homework5.1 */,
				FA6EE0A92B63FCAA000BD794 /* Homework6 */,
				FAAF15A42B698F7F00C06E74 /* Fly */,
				FA08E3C42B6D860F009A2A24 /* Drink */,
				FA48BC302B4D5FE10056F4B8 /* Products */,
			);
			sourceTree = "<group>";
		};
		FA48BC302B4D5FE10056F4B8 /* Products */ = {
			isa = PBXGroup;
			children = (
				FA48BC2F2B4D5FE10056F4B8 /* ErrorNilUnit2Homeworks.app */,
				FA7725D12B51B62C00CFA339 /* Homework2.app */,
				FA4854822B558FAF00F48E2E /* Homework3.app */,
				FA0787BF2B5D8E8F0014206B /* Homework4.app */,
				FAF2CBCE2B5FE5BF004055B7 /* Homework5.app */,
				FA589C322B610D2300EF51AA /* Homework5.1.app */,
				FA6EE0A82B63FCAA000BD794 /* Homework6.app */,
				FAAF15A32B698F7F00C06E74 /* Fly.app */,
				FA08E3C32B6D860E009A2A24 /* Drink.app */,
			);
			name = Products;
			sourceTree = "<group>";
		};
		FA48BC312B4D5FE10056F4B8 /* ErrorNilUnit2Homeworks */ = {
			isa = PBXGroup;
			children = (
				FA48BC322B4D5FE10056F4B8 /* AppDelegate.swift */,
				FA48BC342B4D5FE10056F4B8 /* SceneDelegate.swift */,
				FA48BC362B4D5FE10056F4B8 /* ViewController.swift */,
				FA48BC382B4D5FE10056F4B8 /* Main.storyboard */,
				FA48BC3B2B4D5FE30056F4B8 /* Assets.xcassets */,
				FA48BC3D2B4D5FE30056F4B8 /* LaunchScreen.storyboard */,
				FA48BC402B4D5FE30056F4B8 /* Info.plist */,
			);
			path = ErrorNilUnit2Homeworks;
			sourceTree = "<group>";
		};
		FA589C332B610D2300EF51AA /* Homework5.1 */ = {
			isa = PBXGroup;
			children = (
				FA589C342B610D2300EF51AA /* AppDelegate.swift */,
				FA589C362B610D2300EF51AA /* SceneDelegate.swift */,
				FA589C382B610D2300EF51AA /* ViewController.swift */,
				FA589C462B610F2000EF51AA /* TableCell.swift */,
				FA589C3D2B610D2400EF51AA /* Assets.xcassets */,
				FA589C3F2B610D2400EF51AA /* LaunchScreen.storyboard */,
				FA589C422B610D2400EF51AA /* Info.plist */,
			);
			path = Homework5.1;
			sourceTree = "<group>";
		};
		FA6EE0A92B63FCAA000BD794 /* Homework6 */ = {
			isa = PBXGroup;
			children = (
				FA6EE0AA2B63FCAA000BD794 /* AppDelegate.swift */,
				FA6EE0AC2B63FCAA000BD794 /* SceneDelegate.swift */,
				FA6EE0AE2B63FCAA000BD794 /* ViewController.swift */,
				FA6EE0BC2B63FD2B000BD794 /* TableCell.swift */,
				FA6EE0BE2B6401C6000BD794 /* AboutCity.swift */,
				FA6EE0B32B63FCAB000BD794 /* Assets.xcassets */,
				FA6EE0B52B63FCAB000BD794 /* LaunchScreen.storyboard */,
				FA6EE0B82B63FCAB000BD794 /* Info.plist */,
			);
			path = Homework6;
			sourceTree = "<group>";
		};
		FA7725D22B51B62C00CFA339 /* Homework2 */ = {
			isa = PBXGroup;
			children = (
				FA7725D32B51B62C00CFA339 /* AppDelegate.swift */,
				FA7725D52B51B62C00CFA339 /* SceneDelegate.swift */,
				FA7725D72B51B62C00CFA339 /* ViewController.swift */,
				FA7725D92B51B62C00CFA339 /* Main.storyboard */,
				FA7725DC2B51B62E00CFA339 /* Assets.xcassets */,
				FA7725DE2B51B62E00CFA339 /* LaunchScreen.storyboard */,
				FA7725E12B51B62E00CFA339 /* Info.plist */,
			);
			path = Homework2;
			sourceTree = "<group>";
		};
		FAAF15A42B698F7F00C06E74 /* Fly */ = {
			isa = PBXGroup;
			children = (
				FAAF15A52B698F7F00C06E74 /* AppDelegate.swift */,
				FAAF15A72B698F7F00C06E74 /* SceneDelegate.swift */,
				FA08E3912B6AAC27009A2A24 /* ViewControllers */,
				FA08E3922B6AAC3C009A2A24 /* Cells */,
				FA0ADFE02B6AAAF1001E9E8F /* Constants */,
				FA0ADFE12B6AAB0A001E9E8F /* Models */,
				FA0ADFE22B6AAB1A001E9E8F /* Extensions */,
				FAAF15AE2B698F8100C06E74 /* Assets.xcassets */,
				FAAF15B02B698F8100C06E74 /* LaunchScreen.storyboard */,
				FAAF15B32B698F8100C06E74 /* Info.plist */,
			);
			path = Fly;
			sourceTree = "<group>";
		};
		FAF2CBCF2B5FE5BF004055B7 /* Homework5 */ = {
			isa = PBXGroup;
			children = (
				FAF2CBD02B5FE5BF004055B7 /* AppDelegate.swift */,
				FAF2CBD22B5FE5BF004055B7 /* SceneDelegate.swift */,
				FAF2CBD42B5FE5BF004055B7 /* ProfileViewController.swift */,
				FAF2CBE22B5FE629004055B7 /* SettingsViewController.swift */,
				FAF2CBE42B5FE63F004055B7 /* InfoViewContoller.swift */,
				FAF2CBD92B5FE5C1004055B7 /* Assets.xcassets */,
				FAF2CBDB2B5FE5C1004055B7 /* LaunchScreen.storyboard */,
				FAF2CBDE2B5FE5C1004055B7 /* Info.plist */,
			);
			path = Homework5;
			sourceTree = "<group>";
		};
/* End PBXGroup section */

/* Begin PBXNativeTarget section */
		FA0787BE2B5D8E8F0014206B /* Homework4 */ = {
			isa = PBXNativeTarget;
			buildConfigurationList = FA0787D22B5D8E910014206B /* Build configuration list for PBXNativeTarget "Homework4" */;
			buildPhases = (
				FA0787BB2B5D8E8F0014206B /* Sources */,
				FA0787BC2B5D8E8F0014206B /* Frameworks */,
				FA0787BD2B5D8E8F0014206B /* Resources */,
			);
			buildRules = (
			);
			dependencies = (
			);
			name = Homework4;
			productName = Homework4;
			productReference = FA0787BF2B5D8E8F0014206B /* Homework4.app */;
			productType = "com.apple.product-type.application";
		};
		FA08E3C22B6D860E009A2A24 /* Drink */ = {
			isa = PBXNativeTarget;
			buildConfigurationList = FA08E3D62B6D8611009A2A24 /* Build configuration list for PBXNativeTarget "Drink" */;
			buildPhases = (
				FA08E3BF2B6D860E009A2A24 /* Sources */,
				FA08E3C02B6D860E009A2A24 /* Frameworks */,
				FA08E3C12B6D860E009A2A24 /* Resources */,
			);
			buildRules = (
			);
			dependencies = (
			);
			name = Drink;
			productName = Drink;
			productReference = FA08E3C32B6D860E009A2A24 /* Drink.app */;
			productType = "com.apple.product-type.application";
		};
		FA4854812B558FAF00F48E2E /* Homework3 */ = {
			isa = PBXNativeTarget;
			buildConfigurationList = FA4854952B558FB200F48E2E /* Build configuration list for PBXNativeTarget "Homework3" */;
			buildPhases = (
				FA48547E2B558FAF00F48E2E /* Sources */,
				FA48547F2B558FAF00F48E2E /* Frameworks */,
				FA4854802B558FAF00F48E2E /* Resources */,
			);
			buildRules = (
			);
			dependencies = (
			);
			name = Homework3;
			productName = Homework3;
			productReference = FA4854822B558FAF00F48E2E /* Homework3.app */;
			productType = "com.apple.product-type.application";
		};
		FA48BC2E2B4D5FE10056F4B8 /* ErrorNilUnit2Homeworks */ = {
			isa = PBXNativeTarget;
			buildConfigurationList = FA48BC432B4D5FE30056F4B8 /* Build configuration list for PBXNativeTarget "ErrorNilUnit2Homeworks" */;
			buildPhases = (
				FA48BC2B2B4D5FE10056F4B8 /* Sources */,
				FA48BC2C2B4D5FE10056F4B8 /* Frameworks */,
				FA48BC2D2B4D5FE10056F4B8 /* Resources */,
			);
			buildRules = (
			);
			dependencies = (
			);
			name = ErrorNilUnit2Homeworks;
			productName = ErrorNilUnit2Homeworks;
			productReference = FA48BC2F2B4D5FE10056F4B8 /* ErrorNilUnit2Homeworks.app */;
			productType = "com.apple.product-type.application";
		};
		FA589C312B610D2300EF51AA /* Homework5.1 */ = {
			isa = PBXNativeTarget;
			buildConfigurationList = FA589C452B610D2400EF51AA /* Build configuration list for PBXNativeTarget "Homework5.1" */;
			buildPhases = (
				FA589C2E2B610D2300EF51AA /* Sources */,
				FA589C2F2B610D2300EF51AA /* Frameworks */,
				FA589C302B610D2300EF51AA /* Resources */,
			);
			buildRules = (
			);
			dependencies = (
			);
			name = Homework5.1;
			productName = Homework5.1;
			productReference = FA589C322B610D2300EF51AA /* Homework5.1.app */;
			productType = "com.apple.product-type.application";
		};
		FA6EE0A72B63FCAA000BD794 /* Homework6 */ = {
			isa = PBXNativeTarget;
			buildConfigurationList = FA6EE0BB2B63FCAB000BD794 /* Build configuration list for PBXNativeTarget "Homework6" */;
			buildPhases = (
				FA6EE0A42B63FCAA000BD794 /* Sources */,
				FA6EE0A52B63FCAA000BD794 /* Frameworks */,
				FA6EE0A62B63FCAA000BD794 /* Resources */,
			);
			buildRules = (
			);
			dependencies = (
			);
			name = Homework6;
			productName = Homework6;
			productReference = FA6EE0A82B63FCAA000BD794 /* Homework6.app */;
			productType = "com.apple.product-type.application";
		};
		FA7725D02B51B62C00CFA339 /* Homework2 */ = {
			isa = PBXNativeTarget;
			buildConfigurationList = FA7725E42B51B62E00CFA339 /* Build configuration list for PBXNativeTarget "Homework2" */;
			buildPhases = (
				FA7725CD2B51B62C00CFA339 /* Sources */,
				FA7725CE2B51B62C00CFA339 /* Frameworks */,
				FA7725CF2B51B62C00CFA339 /* Resources */,
			);
			buildRules = (
			);
			dependencies = (
			);
			name = Homework2;
			productName = Homework2;
			productReference = FA7725D12B51B62C00CFA339 /* Homework2.app */;
			productType = "com.apple.product-type.application";
		};
		FAAF15A22B698F7F00C06E74 /* Fly */ = {
			isa = PBXNativeTarget;
			buildConfigurationList = FAAF15B62B698F8100C06E74 /* Build configuration list for PBXNativeTarget "Fly" */;
			buildPhases = (
				FAAF159F2B698F7F00C06E74 /* Sources */,
				FAAF15A02B698F7F00C06E74 /* Frameworks */,
				FAAF15A12B698F7F00C06E74 /* Resources */,
			);
			buildRules = (
			);
			dependencies = (
			);
			name = Fly;
			productName = Fly;
			productReference = FAAF15A32B698F7F00C06E74 /* Fly.app */;
			productType = "com.apple.product-type.application";
		};
		FAF2CBCD2B5FE5BF004055B7 /* Homework5 */ = {
			isa = PBXNativeTarget;
			buildConfigurationList = FAF2CBE12B5FE5C1004055B7 /* Build configuration list for PBXNativeTarget "Homework5" */;
			buildPhases = (
				FAF2CBCA2B5FE5BF004055B7 /* Sources */,
				FAF2CBCB2B5FE5BF004055B7 /* Frameworks */,
				FAF2CBCC2B5FE5BF004055B7 /* Resources */,
			);
			buildRules = (
			);
			dependencies = (
			);
			name = Homework5;
			productName = Homework5;
			productReference = FAF2CBCE2B5FE5BF004055B7 /* Homework5.app */;
			productType = "com.apple.product-type.application";
		};
/* End PBXNativeTarget section */

/* Begin PBXProject section */
		FA48BC272B4D5FE10056F4B8 /* Project object */ = {
			isa = PBXProject;
			attributes = {
				BuildIndependentTargetsInParallel = 1;
				LastSwiftUpdateCheck = 1510;
				LastUpgradeCheck = 1510;
				TargetAttributes = {
					FA0787BE2B5D8E8F0014206B = {
						CreatedOnToolsVersion = 15.1;
					};
					FA08E3C22B6D860E009A2A24 = {
						CreatedOnToolsVersion = 15.1;
					};
					FA4854812B558FAF00F48E2E = {
						CreatedOnToolsVersion = 15.1;
					};
					FA48BC2E2B4D5FE10056F4B8 = {
						CreatedOnToolsVersion = 15.1;
					};
					FA589C312B610D2300EF51AA = {
						CreatedOnToolsVersion = 15.1;
					};
					FA6EE0A72B63FCAA000BD794 = {
						CreatedOnToolsVersion = 15.1;
					};
					FA7725D02B51B62C00CFA339 = {
						CreatedOnToolsVersion = 15.1;
					};
					FAAF15A22B698F7F00C06E74 = {
						CreatedOnToolsVersion = 15.1;
					};
					FAF2CBCD2B5FE5BF004055B7 = {
						CreatedOnToolsVersion = 15.1;
					};
				};
			};
			buildConfigurationList = FA48BC2A2B4D5FE10056F4B8 /* Build configuration list for PBXProject "ErrorNilUnit2Homeworks" */;
			compatibilityVersion = "Xcode 14.0";
			developmentRegion = en;
			hasScannedForEncodings = 0;
			knownRegions = (
				en,
				Base,
			);
			mainGroup = FA48BC262B4D5FE10056F4B8;
			productRefGroup = FA48BC302B4D5FE10056F4B8 /* Products */;
			projectDirPath = "";
			projectRoot = "";
			targets = (
				FA48BC2E2B4D5FE10056F4B8 /* ErrorNilUnit2Homeworks */,
				FA7725D02B51B62C00CFA339 /* Homework2 */,
				FA4854812B558FAF00F48E2E /* Homework3 */,
				FA0787BE2B5D8E8F0014206B /* Homework4 */,
				FAF2CBCD2B5FE5BF004055B7 /* Homework5 */,
				FA589C312B610D2300EF51AA /* Homework5.1 */,
				FA6EE0A72B63FCAA000BD794 /* Homework6 */,
				FAAF15A22B698F7F00C06E74 /* Fly */,
				FA08E3C22B6D860E009A2A24 /* Drink */,
			);
		};
/* End PBXProject section */

/* Begin PBXResourcesBuildPhase section */
		FA0787BD2B5D8E8F0014206B /* Resources */ = {
			isa = PBXResourcesBuildPhase;
			buildActionMask = 2147483647;
			files = (
				FA0787CE2B5D8E910014206B /* LaunchScreen.storyboard in Resources */,
				FA0787CB2B5D8E910014206B /* Assets.xcassets in Resources */,
			);
			runOnlyForDeploymentPostprocessing = 0;
		};
		FA08E3C12B6D860E009A2A24 /* Resources */ = {
			isa = PBXResourcesBuildPhase;
			buildActionMask = 2147483647;
			files = (
				FA08E3D22B6D8611009A2A24 /* LaunchScreen.storyboard in Resources */,
				FA08E3CF2B6D8611009A2A24 /* Assets.xcassets in Resources */,
			);
			runOnlyForDeploymentPostprocessing = 0;
		};
		FA4854802B558FAF00F48E2E /* Resources */ = {
			isa = PBXResourcesBuildPhase;
			buildActionMask = 2147483647;
			files = (
				FA4854912B558FB200F48E2E /* LaunchScreen.storyboard in Resources */,
				FA48548E2B558FB200F48E2E /* Assets.xcassets in Resources */,
				FA48548C2B558FAF00F48E2E /* Main.storyboard in Resources */,
			);
			runOnlyForDeploymentPostprocessing = 0;
		};
		FA48BC2D2B4D5FE10056F4B8 /* Resources */ = {
			isa = PBXResourcesBuildPhase;
			buildActionMask = 2147483647;
			files = (
				FA48BC3F2B4D5FE30056F4B8 /* LaunchScreen.storyboard in Resources */,
				FA48BC3C2B4D5FE30056F4B8 /* Assets.xcassets in Resources */,
				FA48BC3A2B4D5FE10056F4B8 /* Main.storyboard in Resources */,
			);
			runOnlyForDeploymentPostprocessing = 0;
		};
		FA589C302B610D2300EF51AA /* Resources */ = {
			isa = PBXResourcesBuildPhase;
			buildActionMask = 2147483647;
			files = (
				FA589C412B610D2400EF51AA /* LaunchScreen.storyboard in Resources */,
				FA589C3E2B610D2400EF51AA /* Assets.xcassets in Resources */,
			);
			runOnlyForDeploymentPostprocessing = 0;
		};
		FA6EE0A62B63FCAA000BD794 /* Resources */ = {
			isa = PBXResourcesBuildPhase;
			buildActionMask = 2147483647;
			files = (
				FA6EE0B72B63FCAB000BD794 /* LaunchScreen.storyboard in Resources */,
				FA6EE0B42B63FCAB000BD794 /* Assets.xcassets in Resources */,
			);
			runOnlyForDeploymentPostprocessing = 0;
		};
		FA7725CF2B51B62C00CFA339 /* Resources */ = {
			isa = PBXResourcesBuildPhase;
			buildActionMask = 2147483647;
			files = (
				FA7725E02B51B62E00CFA339 /* LaunchScreen.storyboard in Resources */,
				FA7725DD2B51B62E00CFA339 /* Assets.xcassets in Resources */,
				FA7725DB2B51B62C00CFA339 /* Main.storyboard in Resources */,
			);
			runOnlyForDeploymentPostprocessing = 0;
		};
		FAAF15A12B698F7F00C06E74 /* Resources */ = {
			isa = PBXResourcesBuildPhase;
			buildActionMask = 2147483647;
			files = (
				FAAF15B22B698F8100C06E74 /* LaunchScreen.storyboard in Resources */,
				FAAF15AF2B698F8100C06E74 /* Assets.xcassets in Resources */,
			);
			runOnlyForDeploymentPostprocessing = 0;
		};
		FAF2CBCC2B5FE5BF004055B7 /* Resources */ = {
			isa = PBXResourcesBuildPhase;
			buildActionMask = 2147483647;
			files = (
				FAF2CBDD2B5FE5C1004055B7 /* LaunchScreen.storyboard in Resources */,
				FAF2CBDA2B5FE5C1004055B7 /* Assets.xcassets in Resources */,
			);
			runOnlyForDeploymentPostprocessing = 0;
		};
/* End PBXResourcesBuildPhase section */

/* Begin PBXSourcesBuildPhase section */
		FA0787BB2B5D8E8F0014206B /* Sources */ = {
			isa = PBXSourcesBuildPhase;
			buildActionMask = 2147483647;
			files = (
				FA0787C62B5D8E8F0014206B /* ProfileViewController.swift in Sources */,
				FA0787C22B5D8E8F0014206B /* AppDelegate.swift in Sources */,
				FA0787C42B5D8E8F0014206B /* SceneDelegate.swift in Sources */,
				FA0787D42B5D8EE20014206B /* SettingsViewController.swift in Sources */,
				FA81DAD02B5DA2F9004F133B /* InfoViewContoller.swift in Sources */,
			);
			runOnlyForDeploymentPostprocessing = 0;
		};
		FA08E3BF2B6D860E009A2A24 /* Sources */ = {
			isa = PBXSourcesBuildPhase;
			buildActionMask = 2147483647;
			files = (
				FA08E3CA2B6D860F009A2A24 /* ViewController.swift in Sources */,
				FA08E3C62B6D860F009A2A24 /* AppDelegate.swift in Sources */,
				FA08E3C82B6D860F009A2A24 /* SceneDelegate.swift in Sources */,
			);
			runOnlyForDeploymentPostprocessing = 0;
		};
		FA48547E2B558FAF00F48E2E /* Sources */ = {
			isa = PBXSourcesBuildPhase;
			buildActionMask = 2147483647;
			files = (
				FA4854892B558FAF00F48E2E /* ProfileViewController.swift in Sources */,
				FA4854852B558FAF00F48E2E /* AppDelegate.swift in Sources */,
				FA4854872B558FAF00F48E2E /* SceneDelegate.swift in Sources */,
				FA5204E72B56D6C90019C05F /* SettingsViewController.swift in Sources */,
			);
			runOnlyForDeploymentPostprocessing = 0;
		};
		FA48BC2B2B4D5FE10056F4B8 /* Sources */ = {
			isa = PBXSourcesBuildPhase;
			buildActionMask = 2147483647;
			files = (
				FA48BC372B4D5FE10056F4B8 /* ViewController.swift in Sources */,
				FA48BC332B4D5FE10056F4B8 /* AppDelegate.swift in Sources */,
				FA48BC352B4D5FE10056F4B8 /* SceneDelegate.swift in Sources */,
			);
			runOnlyForDeploymentPostprocessing = 0;
		};
		FA589C2E2B610D2300EF51AA /* Sources */ = {
			isa = PBXSourcesBuildPhase;
			buildActionMask = 2147483647;
			files = (
				FA589C392B610D2300EF51AA /* ViewController.swift in Sources */,
				FA589C352B610D2300EF51AA /* AppDelegate.swift in Sources */,
				FA589C472B610F2000EF51AA /* TableCell.swift in Sources */,
				FA589C372B610D2300EF51AA /* SceneDelegate.swift in Sources */,
			);
			runOnlyForDeploymentPostprocessing = 0;
		};
		FA6EE0A42B63FCAA000BD794 /* Sources */ = {
			isa = PBXSourcesBuildPhase;
			buildActionMask = 2147483647;
			files = (
				FA6EE0AF2B63FCAA000BD794 /* ViewController.swift in Sources */,
				FA6EE0AB2B63FCAA000BD794 /* AppDelegate.swift in Sources */,
				FA6EE0BD2B63FD2B000BD794 /* TableCell.swift in Sources */,
				FA6EE0BF2B6401C6000BD794 /* AboutCity.swift in Sources */,
				FA6EE0AD2B63FCAA000BD794 /* SceneDelegate.swift in Sources */,
			);
			runOnlyForDeploymentPostprocessing = 0;
		};
		FA7725CD2B51B62C00CFA339 /* Sources */ = {
			isa = PBXSourcesBuildPhase;
			buildActionMask = 2147483647;
			files = (
				FA7725D82B51B62C00CFA339 /* ViewController.swift in Sources */,
				FA7725D42B51B62C00CFA339 /* AppDelegate.swift in Sources */,
				FA7725D62B51B62C00CFA339 /* SceneDelegate.swift in Sources */,
			);
			runOnlyForDeploymentPostprocessing = 0;
		};
		FAAF159F2B698F7F00C06E74 /* Sources */ = {
			isa = PBXSourcesBuildPhase;
			buildActionMask = 2147483647;
			files = (
				FA08E39A2B6AD426009A2A24 /* OffersModel.swift in Sources */,
				FA08E39C2B6AD9BE009A2A24 /* SliderCell.swift in Sources */,
				FAAF15B82B6990F200C06E74 /* OnboardingModel.swift in Sources */,
				FA11251B2B6A9DAF00E6BD22 /* UITextField + Extension.swift in Sources */,
				FA77A1302B6A66B7002A0A7F /* OnboardingCell.swift in Sources */,
				FAAF15AA2B698F7F00C06E74 /* ViewController.swift in Sources */,
				FAAF15A62B698F7F00C06E74 /* AppDelegate.swift in Sources */,
				FA0ADFDF2B6AAAC8001E9E8F /* Color.swift in Sources */,
				FA08E3962B6ABB76009A2A24 /* CreateAccViewController.swift in Sources */,
				FA08E3982B6AD38F009A2A24 /* MainPageViewController.swift in Sources */,
				FA1125192B6A7CF500E6BD22 /* AuthViewController.swift in Sources */,
				FAE2DB282B6AA630005094F3 /* UILabel + Extension.swift in Sources */,
				FA08E39E2B6ADB6F009A2A24 /* UIImageView + Extension.swift in Sources */,
				FAAF15A82B698F7F00C06E74 /* SceneDelegate.swift in Sources */,
				FA08E3942B6AB0A1009A2A24 /* ForgotPassViewController.swift in Sources */,
				FA5E10582B6AA1BC00F47BDA /* UIButton + Extension.swift in Sources */,
			);
			runOnlyForDeploymentPostprocessing = 0;
		};
		FAF2CBCA2B5FE5BF004055B7 /* Sources */ = {
			isa = PBXSourcesBuildPhase;
			buildActionMask = 2147483647;
			files = (
				FAF2CBD52B5FE5BF004055B7 /* ProfileViewController.swift in Sources */,
				FAF2CBD12B5FE5BF004055B7 /* AppDelegate.swift in Sources */,
				FAF2CBD32B5FE5BF004055B7 /* SceneDelegate.swift in Sources */,
				FAF2CBE32B5FE629004055B7 /* SettingsViewController.swift in Sources */,
				FAF2CBE52B5FE63F004055B7 /* InfoViewContoller.swift in Sources */,
			);
			runOnlyForDeploymentPostprocessing = 0;
		};
/* End PBXSourcesBuildPhase section */

/* Begin PBXVariantGroup section */
		FA0787CC2B5D8E910014206B /* LaunchScreen.storyboard */ = {
			isa = PBXVariantGroup;
			children = (
				FA0787CD2B5D8E910014206B /* Base */,
			);
			name = LaunchScreen.storyboard;
			sourceTree = "<group>";
		};
		FA08E3D02B6D8611009A2A24 /* LaunchScreen.storyboard */ = {
			isa = PBXVariantGroup;
			children = (
				FA08E3D12B6D8611009A2A24 /* Base */,
			);
			name = LaunchScreen.storyboard;
			sourceTree = "<group>";
		};
		FA48548A2B558FAF00F48E2E /* Main.storyboard */ = {
			isa = PBXVariantGroup;
			children = (
				FA48548B2B558FAF00F48E2E /* Base */,
			);
			name = Main.storyboard;
			sourceTree = "<group>";
		};
		FA48548F2B558FB200F48E2E /* LaunchScreen.storyboard */ = {
			isa = PBXVariantGroup;
			children = (
				FA4854902B558FB200F48E2E /* Base */,
			);
			name = LaunchScreen.storyboard;
			sourceTree = "<group>";
		};
		FA48BC382B4D5FE10056F4B8 /* Main.storyboard */ = {
			isa = PBXVariantGroup;
			children = (
				FA48BC392B4D5FE10056F4B8 /* Base */,
			);
			name = Main.storyboard;
			sourceTree = "<group>";
		};
		FA48BC3D2B4D5FE30056F4B8 /* LaunchScreen.storyboard */ = {
			isa = PBXVariantGroup;
			children = (
				FA48BC3E2B4D5FE30056F4B8 /* Base */,
			);
			name = LaunchScreen.storyboard;
			sourceTree = "<group>";
		};
		FA589C3F2B610D2400EF51AA /* LaunchScreen.storyboard */ = {
			isa = PBXVariantGroup;
			children = (
				FA589C402B610D2400EF51AA /* Base */,
			);
			name = LaunchScreen.storyboard;
			sourceTree = "<group>";
		};
		FA6EE0B52B63FCAB000BD794 /* LaunchScreen.storyboard */ = {
			isa = PBXVariantGroup;
			children = (
				FA6EE0B62B63FCAB000BD794 /* Base */,
			);
			name = LaunchScreen.storyboard;
			sourceTree = "<group>";
		};
		FA7725D92B51B62C00CFA339 /* Main.storyboard */ = {
			isa = PBXVariantGroup;
			children = (
				FA7725DA2B51B62C00CFA339 /* Base */,
			);
			name = Main.storyboard;
			sourceTree = "<group>";
		};
		FA7725DE2B51B62E00CFA339 /* LaunchScreen.storyboard */ = {
			isa = PBXVariantGroup;
			children = (
				FA7725DF2B51B62E00CFA339 /* Base */,
			);
			name = LaunchScreen.storyboard;
			sourceTree = "<group>";
		};
		FAAF15B02B698F8100C06E74 /* LaunchScreen.storyboard */ = {
			isa = PBXVariantGroup;
			children = (
				FAAF15B12B698F8100C06E74 /* Base */,
			);
			name = LaunchScreen.storyboard;
			sourceTree = "<group>";
		};
		FAF2CBDB2B5FE5C1004055B7 /* LaunchScreen.storyboard */ = {
			isa = PBXVariantGroup;
			children = (
				FAF2CBDC2B5FE5C1004055B7 /* Base */,
			);
			name = LaunchScreen.storyboard;
			sourceTree = "<group>";
		};
/* End PBXVariantGroup section */

/* Begin XCBuildConfiguration section */
		FA0787D02B5D8E910014206B /* Debug */ = {
			isa = XCBuildConfiguration;
			buildSettings = {
				ASSETCATALOG_COMPILER_APPICON_NAME = AppIcon;
				ASSETCATALOG_COMPILER_GLOBAL_ACCENT_COLOR_NAME = AccentColor;
				CODE_SIGN_STYLE = Automatic;
				CURRENT_PROJECT_VERSION = 1;
				DEVELOPMENT_TEAM = L23B96GPNM;
				GENERATE_INFOPLIST_FILE = YES;
				INFOPLIST_FILE = Homework4/Info.plist;
				INFOPLIST_KEY_UIApplicationSupportsIndirectInputEvents = YES;
				INFOPLIST_KEY_UILaunchStoryboardName = LaunchScreen;
				INFOPLIST_KEY_UISupportedInterfaceOrientations_iPad = "UIInterfaceOrientationPortrait UIInterfaceOrientationPortraitUpsideDown UIInterfaceOrientationLandscapeLeft UIInterfaceOrientationLandscapeRight";
				INFOPLIST_KEY_UISupportedInterfaceOrientations_iPhone = "UIInterfaceOrientationPortrait UIInterfaceOrientationLandscapeLeft UIInterfaceOrientationLandscapeRight";
				LD_RUNPATH_SEARCH_PATHS = (
					"$(inherited)",
					"@executable_path/Frameworks",
				);
				MARKETING_VERSION = 1.0;
				PRODUCT_BUNDLE_IDENTIFIER = ru.alexpetrenko.Homework4;
				PRODUCT_NAME = "$(TARGET_NAME)";
				SWIFT_EMIT_LOC_STRINGS = YES;
				SWIFT_VERSION = 5.0;
				TARGETED_DEVICE_FAMILY = "1,2";
			};
			name = Debug;
		};
		FA0787D12B5D8E910014206B /* Release */ = {
			isa = XCBuildConfiguration;
			buildSettings = {
				ASSETCATALOG_COMPILER_APPICON_NAME = AppIcon;
				ASSETCATALOG_COMPILER_GLOBAL_ACCENT_COLOR_NAME = AccentColor;
				CODE_SIGN_STYLE = Automatic;
				CURRENT_PROJECT_VERSION = 1;
				DEVELOPMENT_TEAM = L23B96GPNM;
				GENERATE_INFOPLIST_FILE = YES;
				INFOPLIST_FILE = Homework4/Info.plist;
				INFOPLIST_KEY_UIApplicationSupportsIndirectInputEvents = YES;
				INFOPLIST_KEY_UILaunchStoryboardName = LaunchScreen;
				INFOPLIST_KEY_UISupportedInterfaceOrientations_iPad = "UIInterfaceOrientationPortrait UIInterfaceOrientationPortraitUpsideDown UIInterfaceOrientationLandscapeLeft UIInterfaceOrientationLandscapeRight";
				INFOPLIST_KEY_UISupportedInterfaceOrientations_iPhone = "UIInterfaceOrientationPortrait UIInterfaceOrientationLandscapeLeft UIInterfaceOrientationLandscapeRight";
				LD_RUNPATH_SEARCH_PATHS = (
					"$(inherited)",
					"@executable_path/Frameworks",
				);
				MARKETING_VERSION = 1.0;
				PRODUCT_BUNDLE_IDENTIFIER = ru.alexpetrenko.Homework4;
				PRODUCT_NAME = "$(TARGET_NAME)";
				SWIFT_EMIT_LOC_STRINGS = YES;
				SWIFT_VERSION = 5.0;
				TARGETED_DEVICE_FAMILY = "1,2";
			};
			name = Release;
		};
		FA08E3D42B6D8611009A2A24 /* Debug */ = {
			isa = XCBuildConfiguration;
			buildSettings = {
				ASSETCATALOG_COMPILER_APPICON_NAME = AppIcon;
				ASSETCATALOG_COMPILER_GLOBAL_ACCENT_COLOR_NAME = AccentColor;
				CODE_SIGN_STYLE = Automatic;
				CURRENT_PROJECT_VERSION = 1;
				DEVELOPMENT_TEAM = L23B96GPNM;
				GENERATE_INFOPLIST_FILE = YES;
				INFOPLIST_FILE = Drink/Info.plist;
				INFOPLIST_KEY_UIApplicationSupportsIndirectInputEvents = YES;
				INFOPLIST_KEY_UILaunchStoryboardName = LaunchScreen;
				INFOPLIST_KEY_UISupportedInterfaceOrientations_iPad = "UIInterfaceOrientationPortrait UIInterfaceOrientationPortraitUpsideDown UIInterfaceOrientationLandscapeLeft UIInterfaceOrientationLandscapeRight";
				INFOPLIST_KEY_UISupportedInterfaceOrientations_iPhone = "UIInterfaceOrientationPortrait UIInterfaceOrientationLandscapeLeft UIInterfaceOrientationLandscapeRight";
				LD_RUNPATH_SEARCH_PATHS = (
					"$(inherited)",
					"@executable_path/Frameworks",
				);
				MARKETING_VERSION = 1.0;
				PRODUCT_BUNDLE_IDENTIFIER = ru.alexpetrenko.Drink;
				PRODUCT_NAME = "$(TARGET_NAME)";
				SWIFT_EMIT_LOC_STRINGS = YES;
				SWIFT_VERSION = 5.0;
				TARGETED_DEVICE_FAMILY = "1,2";
			};
			name = Debug;
		};
		FA08E3D52B6D8611009A2A24 /* Release */ = {
			isa = XCBuildConfiguration;
			buildSettings = {
				ASSETCATALOG_COMPILER_APPICON_NAME = AppIcon;
				ASSETCATALOG_COMPILER_GLOBAL_ACCENT_COLOR_NAME = AccentColor;
				CODE_SIGN_STYLE = Automatic;
				CURRENT_PROJECT_VERSION = 1;
				DEVELOPMENT_TEAM = L23B96GPNM;
				GENERATE_INFOPLIST_FILE = YES;
				INFOPLIST_FILE = Drink/Info.plist;
				INFOPLIST_KEY_UIApplicationSupportsIndirectInputEvents = YES;
				INFOPLIST_KEY_UILaunchStoryboardName = LaunchScreen;
				INFOPLIST_KEY_UISupportedInterfaceOrientations_iPad = "UIInterfaceOrientationPortrait UIInterfaceOrientationPortraitUpsideDown UIInterfaceOrientationLandscapeLeft UIInterfaceOrientationLandscapeRight";
				INFOPLIST_KEY_UISupportedInterfaceOrientations_iPhone = "UIInterfaceOrientationPortrait UIInterfaceOrientationLandscapeLeft UIInterfaceOrientationLandscapeRight";
				LD_RUNPATH_SEARCH_PATHS = (
					"$(inherited)",
					"@executable_path/Frameworks",
				);
				MARKETING_VERSION = 1.0;
				PRODUCT_BUNDLE_IDENTIFIER = ru.alexpetrenko.Drink;
				PRODUCT_NAME = "$(TARGET_NAME)";
				SWIFT_EMIT_LOC_STRINGS = YES;
				SWIFT_VERSION = 5.0;
				TARGETED_DEVICE_FAMILY = "1,2";
			};
			name = Release;
		};
		FA4854932B558FB200F48E2E /* Debug */ = {
			isa = XCBuildConfiguration;
			buildSettings = {
				ASSETCATALOG_COMPILER_APPICON_NAME = AppIcon;
				ASSETCATALOG_COMPILER_GLOBAL_ACCENT_COLOR_NAME = AccentColor;
				CODE_SIGN_STYLE = Automatic;
				CURRENT_PROJECT_VERSION = 1;
				DEVELOPMENT_TEAM = L23B96GPNM;
				GENERATE_INFOPLIST_FILE = YES;
				INFOPLIST_FILE = Homework3/Info.plist;
				INFOPLIST_KEY_UIApplicationSupportsIndirectInputEvents = YES;
				INFOPLIST_KEY_UILaunchStoryboardName = LaunchScreen.storyboard;
				INFOPLIST_KEY_UIMainStoryboardFile = Main;
				INFOPLIST_KEY_UISupportedInterfaceOrientations = UIInterfaceOrientationPortrait;
				INFOPLIST_KEY_UISupportedInterfaceOrientations_iPad = "UIInterfaceOrientationLandscapeLeft UIInterfaceOrientationLandscapeRight UIInterfaceOrientationPortrait UIInterfaceOrientationPortraitUpsideDown";
				LD_RUNPATH_SEARCH_PATHS = (
					"$(inherited)",
					"@executable_path/Frameworks",
				);
				MARKETING_VERSION = 1.0;
				PRODUCT_BUNDLE_IDENTIFIER = ru.alexpetrenko.Homework3;
				PRODUCT_NAME = "$(TARGET_NAME)";
				SUPPORTED_PLATFORMS = "iphoneos iphonesimulator";
				SUPPORTS_MACCATALYST = NO;
				SUPPORTS_MAC_DESIGNED_FOR_IPHONE_IPAD = NO;
				SWIFT_EMIT_LOC_STRINGS = YES;
				SWIFT_VERSION = 5.0;
				TARGETED_DEVICE_FAMILY = 1;
			};
			name = Debug;
		};
		FA4854942B558FB200F48E2E /* Release */ = {
			isa = XCBuildConfiguration;
			buildSettings = {
				ASSETCATALOG_COMPILER_APPICON_NAME = AppIcon;
				ASSETCATALOG_COMPILER_GLOBAL_ACCENT_COLOR_NAME = AccentColor;
				CODE_SIGN_STYLE = Automatic;
				CURRENT_PROJECT_VERSION = 1;
				DEVELOPMENT_TEAM = L23B96GPNM;
				GENERATE_INFOPLIST_FILE = YES;
				INFOPLIST_FILE = Homework3/Info.plist;
				INFOPLIST_KEY_UIApplicationSupportsIndirectInputEvents = YES;
				INFOPLIST_KEY_UILaunchStoryboardName = LaunchScreen.storyboard;
				INFOPLIST_KEY_UIMainStoryboardFile = Main;
				INFOPLIST_KEY_UISupportedInterfaceOrientations = UIInterfaceOrientationPortrait;
				INFOPLIST_KEY_UISupportedInterfaceOrientations_iPad = "UIInterfaceOrientationLandscapeLeft UIInterfaceOrientationLandscapeRight UIInterfaceOrientationPortrait UIInterfaceOrientationPortraitUpsideDown";
				LD_RUNPATH_SEARCH_PATHS = (
					"$(inherited)",
					"@executable_path/Frameworks",
				);
				MARKETING_VERSION = 1.0;
				PRODUCT_BUNDLE_IDENTIFIER = ru.alexpetrenko.Homework3;
				PRODUCT_NAME = "$(TARGET_NAME)";
				SUPPORTED_PLATFORMS = "iphoneos iphonesimulator";
				SUPPORTS_MACCATALYST = NO;
				SUPPORTS_MAC_DESIGNED_FOR_IPHONE_IPAD = NO;
				SWIFT_EMIT_LOC_STRINGS = YES;
				SWIFT_VERSION = 5.0;
				TARGETED_DEVICE_FAMILY = 1;
			};
			name = Release;
		};
		FA48BC412B4D5FE30056F4B8 /* Debug */ = {
			isa = XCBuildConfiguration;
			buildSettings = {
				ALWAYS_SEARCH_USER_PATHS = NO;
				ASSETCATALOG_COMPILER_GENERATE_SWIFT_ASSET_SYMBOL_EXTENSIONS = YES;
				CLANG_ANALYZER_NONNULL = YES;
				CLANG_ANALYZER_NUMBER_OBJECT_CONVERSION = YES_AGGRESSIVE;
				CLANG_CXX_LANGUAGE_STANDARD = "gnu++20";
				CLANG_ENABLE_MODULES = YES;
				CLANG_ENABLE_OBJC_ARC = YES;
				CLANG_ENABLE_OBJC_WEAK = YES;
				CLANG_WARN_BLOCK_CAPTURE_AUTORELEASING = YES;
				CLANG_WARN_BOOL_CONVERSION = YES;
				CLANG_WARN_COMMA = YES;
				CLANG_WARN_CONSTANT_CONVERSION = YES;
				CLANG_WARN_DEPRECATED_OBJC_IMPLEMENTATIONS = YES;
				CLANG_WARN_DIRECT_OBJC_ISA_USAGE = YES_ERROR;
				CLANG_WARN_DOCUMENTATION_COMMENTS = YES;
				CLANG_WARN_EMPTY_BODY = YES;
				CLANG_WARN_ENUM_CONVERSION = YES;
				CLANG_WARN_INFINITE_RECURSION = YES;
				CLANG_WARN_INT_CONVERSION = YES;
				CLANG_WARN_NON_LITERAL_NULL_CONVERSION = YES;
				CLANG_WARN_OBJC_IMPLICIT_RETAIN_SELF = YES;
				CLANG_WARN_OBJC_LITERAL_CONVERSION = YES;
				CLANG_WARN_OBJC_ROOT_CLASS = YES_ERROR;
				CLANG_WARN_QUOTED_INCLUDE_IN_FRAMEWORK_HEADER = YES;
				CLANG_WARN_RANGE_LOOP_ANALYSIS = YES;
				CLANG_WARN_STRICT_PROTOTYPES = YES;
				CLANG_WARN_SUSPICIOUS_MOVE = YES;
				CLANG_WARN_UNGUARDED_AVAILABILITY = YES_AGGRESSIVE;
				CLANG_WARN_UNREACHABLE_CODE = YES;
				CLANG_WARN__DUPLICATE_METHOD_MATCH = YES;
				COPY_PHASE_STRIP = NO;
				DEBUG_INFORMATION_FORMAT = dwarf;
				ENABLE_STRICT_OBJC_MSGSEND = YES;
				ENABLE_TESTABILITY = YES;
				ENABLE_USER_SCRIPT_SANDBOXING = YES;
				GCC_C_LANGUAGE_STANDARD = gnu17;
				GCC_DYNAMIC_NO_PIC = NO;
				GCC_NO_COMMON_BLOCKS = YES;
				GCC_OPTIMIZATION_LEVEL = 0;
				GCC_PREPROCESSOR_DEFINITIONS = (
					"DEBUG=1",
					"$(inherited)",
				);
				GCC_WARN_64_TO_32_BIT_CONVERSION = YES;
				GCC_WARN_ABOUT_RETURN_TYPE = YES_ERROR;
				GCC_WARN_UNDECLARED_SELECTOR = YES;
				GCC_WARN_UNINITIALIZED_AUTOS = YES_AGGRESSIVE;
				GCC_WARN_UNUSED_FUNCTION = YES;
				GCC_WARN_UNUSED_VARIABLE = YES;
				IPHONEOS_DEPLOYMENT_TARGET = 17.2;
				LOCALIZATION_PREFERS_STRING_CATALOGS = YES;
				MTL_ENABLE_DEBUG_INFO = INCLUDE_SOURCE;
				MTL_FAST_MATH = YES;
				ONLY_ACTIVE_ARCH = YES;
				SDKROOT = iphoneos;
				SWIFT_ACTIVE_COMPILATION_CONDITIONS = "DEBUG $(inherited)";
				SWIFT_OPTIMIZATION_LEVEL = "-Onone";
			};
			name = Debug;
		};
		FA48BC422B4D5FE30056F4B8 /* Release */ = {
			isa = XCBuildConfiguration;
			buildSettings = {
				ALWAYS_SEARCH_USER_PATHS = NO;
				ASSETCATALOG_COMPILER_GENERATE_SWIFT_ASSET_SYMBOL_EXTENSIONS = YES;
				CLANG_ANALYZER_NONNULL = YES;
				CLANG_ANALYZER_NUMBER_OBJECT_CONVERSION = YES_AGGRESSIVE;
				CLANG_CXX_LANGUAGE_STANDARD = "gnu++20";
				CLANG_ENABLE_MODULES = YES;
				CLANG_ENABLE_OBJC_ARC = YES;
				CLANG_ENABLE_OBJC_WEAK = YES;
				CLANG_WARN_BLOCK_CAPTURE_AUTORELEASING = YES;
				CLANG_WARN_BOOL_CONVERSION = YES;
				CLANG_WARN_COMMA = YES;
				CLANG_WARN_CONSTANT_CONVERSION = YES;
				CLANG_WARN_DEPRECATED_OBJC_IMPLEMENTATIONS = YES;
				CLANG_WARN_DIRECT_OBJC_ISA_USAGE = YES_ERROR;
				CLANG_WARN_DOCUMENTATION_COMMENTS = YES;
				CLANG_WARN_EMPTY_BODY = YES;
				CLANG_WARN_ENUM_CONVERSION = YES;
				CLANG_WARN_INFINITE_RECURSION = YES;
				CLANG_WARN_INT_CONVERSION = YES;
				CLANG_WARN_NON_LITERAL_NULL_CONVERSION = YES;
				CLANG_WARN_OBJC_IMPLICIT_RETAIN_SELF = YES;
				CLANG_WARN_OBJC_LITERAL_CONVERSION = YES;
				CLANG_WARN_OBJC_ROOT_CLASS = YES_ERROR;
				CLANG_WARN_QUOTED_INCLUDE_IN_FRAMEWORK_HEADER = YES;
				CLANG_WARN_RANGE_LOOP_ANALYSIS = YES;
				CLANG_WARN_STRICT_PROTOTYPES = YES;
				CLANG_WARN_SUSPICIOUS_MOVE = YES;
				CLANG_WARN_UNGUARDED_AVAILABILITY = YES_AGGRESSIVE;
				CLANG_WARN_UNREACHABLE_CODE = YES;
				CLANG_WARN__DUPLICATE_METHOD_MATCH = YES;
				COPY_PHASE_STRIP = NO;
				DEBUG_INFORMATION_FORMAT = "dwarf-with-dsym";
				ENABLE_NS_ASSERTIONS = NO;
				ENABLE_STRICT_OBJC_MSGSEND = YES;
				ENABLE_USER_SCRIPT_SANDBOXING = YES;
				GCC_C_LANGUAGE_STANDARD = gnu17;
				GCC_NO_COMMON_BLOCKS = YES;
				GCC_WARN_64_TO_32_BIT_CONVERSION = YES;
				GCC_WARN_ABOUT_RETURN_TYPE = YES_ERROR;
				GCC_WARN_UNDECLARED_SELECTOR = YES;
				GCC_WARN_UNINITIALIZED_AUTOS = YES_AGGRESSIVE;
				GCC_WARN_UNUSED_FUNCTION = YES;
				GCC_WARN_UNUSED_VARIABLE = YES;
				IPHONEOS_DEPLOYMENT_TARGET = 17.2;
				LOCALIZATION_PREFERS_STRING_CATALOGS = YES;
				MTL_ENABLE_DEBUG_INFO = NO;
				MTL_FAST_MATH = YES;
				SDKROOT = iphoneos;
				SWIFT_COMPILATION_MODE = wholemodule;
				VALIDATE_PRODUCT = YES;
			};
			name = Release;
		};
		FA48BC442B4D5FE30056F4B8 /* Debug */ = {
			isa = XCBuildConfiguration;
			buildSettings = {
				ASSETCATALOG_COMPILER_APPICON_NAME = AppIcon;
				ASSETCATALOG_COMPILER_GLOBAL_ACCENT_COLOR_NAME = AccentColor;
				CODE_SIGN_STYLE = Automatic;
				CURRENT_PROJECT_VERSION = 1;
				DEVELOPMENT_TEAM = L23B96GPNM;
				GENERATE_INFOPLIST_FILE = YES;
				INFOPLIST_FILE = ErrorNilUnit2Homeworks/Info.plist;
				INFOPLIST_KEY_CFBundleDisplayName = AlexPetrenko;
				INFOPLIST_KEY_UIApplicationSupportsIndirectInputEvents = YES;
				INFOPLIST_KEY_UILaunchStoryboardName = LaunchScreen;
				INFOPLIST_KEY_UIMainStoryboardFile = Main;
				INFOPLIST_KEY_UISupportedInterfaceOrientations = UIInterfaceOrientationPortrait;
				INFOPLIST_KEY_UISupportedInterfaceOrientations_iPad = "UIInterfaceOrientationLandscapeLeft UIInterfaceOrientationLandscapeRight UIInterfaceOrientationPortrait UIInterfaceOrientationPortraitUpsideDown";
				LD_RUNPATH_SEARCH_PATHS = (
					"$(inherited)",
					"@executable_path/Frameworks",
				);
				MARKETING_VERSION = 1.0;
				PRODUCT_BUNDLE_IDENTIFIER = ru.alexpetrenko.ErrorNilUnit2Homeworks;
				PRODUCT_NAME = "$(TARGET_NAME)";
				SUPPORTED_PLATFORMS = "iphoneos iphonesimulator";
				SUPPORTS_MACCATALYST = NO;
				SUPPORTS_MAC_DESIGNED_FOR_IPHONE_IPAD = NO;
				SWIFT_EMIT_LOC_STRINGS = YES;
				SWIFT_VERSION = 5.0;
				TARGETED_DEVICE_FAMILY = 1;
			};
			name = Debug;
		};
		FA48BC452B4D5FE30056F4B8 /* Release */ = {
			isa = XCBuildConfiguration;
			buildSettings = {
				ASSETCATALOG_COMPILER_APPICON_NAME = AppIcon;
				ASSETCATALOG_COMPILER_GLOBAL_ACCENT_COLOR_NAME = AccentColor;
				CODE_SIGN_STYLE = Automatic;
				CURRENT_PROJECT_VERSION = 1;
				DEVELOPMENT_TEAM = L23B96GPNM;
				GENERATE_INFOPLIST_FILE = YES;
				INFOPLIST_FILE = ErrorNilUnit2Homeworks/Info.plist;
				INFOPLIST_KEY_CFBundleDisplayName = AlexPetrenko;
				INFOPLIST_KEY_UIApplicationSupportsIndirectInputEvents = YES;
				INFOPLIST_KEY_UILaunchStoryboardName = LaunchScreen;
				INFOPLIST_KEY_UIMainStoryboardFile = Main;
				INFOPLIST_KEY_UISupportedInterfaceOrientations = UIInterfaceOrientationPortrait;
				INFOPLIST_KEY_UISupportedInterfaceOrientations_iPad = "UIInterfaceOrientationLandscapeLeft UIInterfaceOrientationLandscapeRight UIInterfaceOrientationPortrait UIInterfaceOrientationPortraitUpsideDown";
				LD_RUNPATH_SEARCH_PATHS = (
					"$(inherited)",
					"@executable_path/Frameworks",
				);
				MARKETING_VERSION = 1.0;
				PRODUCT_BUNDLE_IDENTIFIER = ru.alexpetrenko.ErrorNilUnit2Homeworks;
				PRODUCT_NAME = "$(TARGET_NAME)";
				SUPPORTED_PLATFORMS = "iphoneos iphonesimulator";
				SUPPORTS_MACCATALYST = NO;
				SUPPORTS_MAC_DESIGNED_FOR_IPHONE_IPAD = NO;
				SWIFT_EMIT_LOC_STRINGS = YES;
				SWIFT_VERSION = 5.0;
				TARGETED_DEVICE_FAMILY = 1;
			};
			name = Release;
		};
		FA589C432B610D2400EF51AA /* Debug */ = {
			isa = XCBuildConfiguration;
			buildSettings = {
				ASSETCATALOG_COMPILER_APPICON_NAME = AppIcon;
				ASSETCATALOG_COMPILER_GLOBAL_ACCENT_COLOR_NAME = AccentColor;
				CODE_SIGN_STYLE = Automatic;
				CURRENT_PROJECT_VERSION = 1;
				DEVELOPMENT_TEAM = L23B96GPNM;
				GENERATE_INFOPLIST_FILE = YES;
				INFOPLIST_FILE = Homework5.1/Info.plist;
				INFOPLIST_KEY_UIApplicationSupportsIndirectInputEvents = YES;
				INFOPLIST_KEY_UILaunchStoryboardName = LaunchScreen;
				INFOPLIST_KEY_UISupportedInterfaceOrientations = UIInterfaceOrientationPortrait;
				INFOPLIST_KEY_UISupportedInterfaceOrientations_iPad = "UIInterfaceOrientationLandscapeLeft UIInterfaceOrientationLandscapeRight UIInterfaceOrientationPortrait UIInterfaceOrientationPortraitUpsideDown";
				LD_RUNPATH_SEARCH_PATHS = (
					"$(inherited)",
					"@executable_path/Frameworks",
				);
				MARKETING_VERSION = 1.0;
				PRODUCT_BUNDLE_IDENTIFIER = "ru.alexpetrenko.Homework5-1";
				PRODUCT_NAME = "$(TARGET_NAME)";
				SUPPORTED_PLATFORMS = "iphoneos iphonesimulator";
				SUPPORTS_MACCATALYST = NO;
				SUPPORTS_MAC_DESIGNED_FOR_IPHONE_IPAD = NO;
				SWIFT_EMIT_LOC_STRINGS = YES;
				SWIFT_VERSION = 5.0;
				TARGETED_DEVICE_FAMILY = 1;
			};
			name = Debug;
		};
		FA589C442B610D2400EF51AA /* Release */ = {
			isa = XCBuildConfiguration;
			buildSettings = {
				ASSETCATALOG_COMPILER_APPICON_NAME = AppIcon;
				ASSETCATALOG_COMPILER_GLOBAL_ACCENT_COLOR_NAME = AccentColor;
				CODE_SIGN_STYLE = Automatic;
				CURRENT_PROJECT_VERSION = 1;
				DEVELOPMENT_TEAM = L23B96GPNM;
				GENERATE_INFOPLIST_FILE = YES;
				INFOPLIST_FILE = Homework5.1/Info.plist;
				INFOPLIST_KEY_UIApplicationSupportsIndirectInputEvents = YES;
				INFOPLIST_KEY_UILaunchStoryboardName = LaunchScreen;
				INFOPLIST_KEY_UISupportedInterfaceOrientations = UIInterfaceOrientationPortrait;
				INFOPLIST_KEY_UISupportedInterfaceOrientations_iPad = "UIInterfaceOrientationLandscapeLeft UIInterfaceOrientationLandscapeRight UIInterfaceOrientationPortrait UIInterfaceOrientationPortraitUpsideDown";
				LD_RUNPATH_SEARCH_PATHS = (
					"$(inherited)",
					"@executable_path/Frameworks",
				);
				MARKETING_VERSION = 1.0;
				PRODUCT_BUNDLE_IDENTIFIER = "ru.alexpetrenko.Homework5-1";
				PRODUCT_NAME = "$(TARGET_NAME)";
				SUPPORTED_PLATFORMS = "iphoneos iphonesimulator";
				SUPPORTS_MACCATALYST = NO;
				SUPPORTS_MAC_DESIGNED_FOR_IPHONE_IPAD = NO;
				SWIFT_EMIT_LOC_STRINGS = YES;
				SWIFT_VERSION = 5.0;
				TARGETED_DEVICE_FAMILY = 1;
			};
			name = Release;
		};
		FA6EE0B92B63FCAB000BD794 /* Debug */ = {
			isa = XCBuildConfiguration;
			buildSettings = {
				ASSETCATALOG_COMPILER_APPICON_NAME = AppIcon;
				ASSETCATALOG_COMPILER_GLOBAL_ACCENT_COLOR_NAME = AccentColor;
				CODE_SIGN_STYLE = Automatic;
				CURRENT_PROJECT_VERSION = 1;
				DEVELOPMENT_TEAM = L23B96GPNM;
				GENERATE_INFOPLIST_FILE = YES;
				INFOPLIST_FILE = Homework6/Info.plist;
				INFOPLIST_KEY_UIApplicationSupportsIndirectInputEvents = YES;
				INFOPLIST_KEY_UILaunchStoryboardName = LaunchScreen;
				INFOPLIST_KEY_UISupportedInterfaceOrientations_iPad = "UIInterfaceOrientationPortrait UIInterfaceOrientationPortraitUpsideDown UIInterfaceOrientationLandscapeLeft UIInterfaceOrientationLandscapeRight";
				INFOPLIST_KEY_UISupportedInterfaceOrientations_iPhone = "UIInterfaceOrientationPortrait UIInterfaceOrientationLandscapeLeft UIInterfaceOrientationLandscapeRight";
				LD_RUNPATH_SEARCH_PATHS = (
					"$(inherited)",
					"@executable_path/Frameworks",
				);
				MARKETING_VERSION = 1.0;
				PRODUCT_BUNDLE_IDENTIFIER = ru.alexpetrenko.Homework6;
				PRODUCT_NAME = "$(TARGET_NAME)";
				SWIFT_EMIT_LOC_STRINGS = YES;
				SWIFT_VERSION = 5.0;
				TARGETED_DEVICE_FAMILY = "1,2";
			};
			name = Debug;
		};
		FA6EE0BA2B63FCAB000BD794 /* Release */ = {
			isa = XCBuildConfiguration;
			buildSettings = {
				ASSETCATALOG_COMPILER_APPICON_NAME = AppIcon;
				ASSETCATALOG_COMPILER_GLOBAL_ACCENT_COLOR_NAME = AccentColor;
				CODE_SIGN_STYLE = Automatic;
				CURRENT_PROJECT_VERSION = 1;
				DEVELOPMENT_TEAM = L23B96GPNM;
				GENERATE_INFOPLIST_FILE = YES;
				INFOPLIST_FILE = Homework6/Info.plist;
				INFOPLIST_KEY_UIApplicationSupportsIndirectInputEvents = YES;
				INFOPLIST_KEY_UILaunchStoryboardName = LaunchScreen;
				INFOPLIST_KEY_UISupportedInterfaceOrientations_iPad = "UIInterfaceOrientationPortrait UIInterfaceOrientationPortraitUpsideDown UIInterfaceOrientationLandscapeLeft UIInterfaceOrientationLandscapeRight";
				INFOPLIST_KEY_UISupportedInterfaceOrientations_iPhone = "UIInterfaceOrientationPortrait UIInterfaceOrientationLandscapeLeft UIInterfaceOrientationLandscapeRight";
				LD_RUNPATH_SEARCH_PATHS = (
					"$(inherited)",
					"@executable_path/Frameworks",
				);
				MARKETING_VERSION = 1.0;
				PRODUCT_BUNDLE_IDENTIFIER = ru.alexpetrenko.Homework6;
				PRODUCT_NAME = "$(TARGET_NAME)";
				SWIFT_EMIT_LOC_STRINGS = YES;
				SWIFT_VERSION = 5.0;
				TARGETED_DEVICE_FAMILY = "1,2";
			};
			name = Release;
		};
		FA7725E22B51B62E00CFA339 /* Debug */ = {
			isa = XCBuildConfiguration;
			buildSettings = {
				ASSETCATALOG_COMPILER_APPICON_NAME = AppIcon;
				ASSETCATALOG_COMPILER_GLOBAL_ACCENT_COLOR_NAME = AccentColor;
				CODE_SIGN_STYLE = Automatic;
				CURRENT_PROJECT_VERSION = 1;
				DEVELOPMENT_TEAM = L23B96GPNM;
				GENERATE_INFOPLIST_FILE = YES;
				INFOPLIST_FILE = Homework2/Info.plist;
				INFOPLIST_KEY_UIApplicationSupportsIndirectInputEvents = YES;
				INFOPLIST_KEY_UILaunchStoryboardName = LaunchScreen;
				INFOPLIST_KEY_UIMainStoryboardFile = Main;
				INFOPLIST_KEY_UISupportedInterfaceOrientations_iPad = "UIInterfaceOrientationPortrait UIInterfaceOrientationPortraitUpsideDown UIInterfaceOrientationLandscapeLeft UIInterfaceOrientationLandscapeRight";
				INFOPLIST_KEY_UISupportedInterfaceOrientations_iPhone = "UIInterfaceOrientationPortrait UIInterfaceOrientationLandscapeLeft UIInterfaceOrientationLandscapeRight";
				LD_RUNPATH_SEARCH_PATHS = (
					"$(inherited)",
					"@executable_path/Frameworks",
				);
				MARKETING_VERSION = 1.0;
				PRODUCT_BUNDLE_IDENTIFIER = ru.alexpetrenko.Homework2;
				PRODUCT_NAME = "$(TARGET_NAME)";
				SWIFT_EMIT_LOC_STRINGS = YES;
				SWIFT_VERSION = 5.0;
				TARGETED_DEVICE_FAMILY = "1,2";
			};
			name = Debug;
		};
		FA7725E32B51B62E00CFA339 /* Release */ = {
			isa = XCBuildConfiguration;
			buildSettings = {
				ASSETCATALOG_COMPILER_APPICON_NAME = AppIcon;
				ASSETCATALOG_COMPILER_GLOBAL_ACCENT_COLOR_NAME = AccentColor;
				CODE_SIGN_STYLE = Automatic;
				CURRENT_PROJECT_VERSION = 1;
				DEVELOPMENT_TEAM = L23B96GPNM;
				GENERATE_INFOPLIST_FILE = YES;
				INFOPLIST_FILE = Homework2/Info.plist;
				INFOPLIST_KEY_UIApplicationSupportsIndirectInputEvents = YES;
				INFOPLIST_KEY_UILaunchStoryboardName = LaunchScreen;
				INFOPLIST_KEY_UIMainStoryboardFile = Main;
				INFOPLIST_KEY_UISupportedInterfaceOrientations_iPad = "UIInterfaceOrientationPortrait UIInterfaceOrientationPortraitUpsideDown UIInterfaceOrientationLandscapeLeft UIInterfaceOrientationLandscapeRight";
				INFOPLIST_KEY_UISupportedInterfaceOrientations_iPhone = "UIInterfaceOrientationPortrait UIInterfaceOrientationLandscapeLeft UIInterfaceOrientationLandscapeRight";
				LD_RUNPATH_SEARCH_PATHS = (
					"$(inherited)",
					"@executable_path/Frameworks",
				);
				MARKETING_VERSION = 1.0;
				PRODUCT_BUNDLE_IDENTIFIER = ru.alexpetrenko.Homework2;
				PRODUCT_NAME = "$(TARGET_NAME)";
				SWIFT_EMIT_LOC_STRINGS = YES;
				SWIFT_VERSION = 5.0;
				TARGETED_DEVICE_FAMILY = "1,2";
			};
			name = Release;
		};
		FAAF15B42B698F8100C06E74 /* Debug */ = {
			isa = XCBuildConfiguration;
			buildSettings = {
				ASSETCATALOG_COMPILER_APPICON_NAME = AppIcon;
				ASSETCATALOG_COMPILER_GLOBAL_ACCENT_COLOR_NAME = AccentColor;
				CODE_SIGN_STYLE = Automatic;
				CURRENT_PROJECT_VERSION = 1;
				DEVELOPMENT_TEAM = L23B96GPNM;
				GENERATE_INFOPLIST_FILE = YES;
				INFOPLIST_FILE = Fly/Info.plist;
				INFOPLIST_KEY_UIApplicationSupportsIndirectInputEvents = YES;
				INFOPLIST_KEY_UILaunchStoryboardName = LaunchScreen;
				INFOPLIST_KEY_UISupportedInterfaceOrientations_iPad = "UIInterfaceOrientationPortrait UIInterfaceOrientationPortraitUpsideDown UIInterfaceOrientationLandscapeLeft UIInterfaceOrientationLandscapeRight";
				INFOPLIST_KEY_UISupportedInterfaceOrientations_iPhone = "UIInterfaceOrientationPortrait UIInterfaceOrientationLandscapeLeft UIInterfaceOrientationLandscapeRight";
				LD_RUNPATH_SEARCH_PATHS = (
					"$(inherited)",
					"@executable_path/Frameworks",
				);
				MARKETING_VERSION = 1.0;
				PRODUCT_BUNDLE_IDENTIFIER = ru.alexpetrenko.Fly;
				PRODUCT_NAME = "$(TARGET_NAME)";
				SWIFT_EMIT_LOC_STRINGS = YES;
				SWIFT_VERSION = 5.0;
				TARGETED_DEVICE_FAMILY = "1,2";
			};
			name = Debug;
		};
		FAAF15B52B698F8100C06E74 /* Release */ = {
			isa = XCBuildConfiguration;
			buildSettings = {
				ASSETCATALOG_COMPILER_APPICON_NAME = AppIcon;
				ASSETCATALOG_COMPILER_GLOBAL_ACCENT_COLOR_NAME = AccentColor;
				CODE_SIGN_STYLE = Automatic;
				CURRENT_PROJECT_VERSION = 1;
				DEVELOPMENT_TEAM = L23B96GPNM;
				GENERATE_INFOPLIST_FILE = YES;
				INFOPLIST_FILE = Fly/Info.plist;
				INFOPLIST_KEY_UIApplicationSupportsIndirectInputEvents = YES;
				INFOPLIST_KEY_UILaunchStoryboardName = LaunchScreen;
				INFOPLIST_KEY_UISupportedInterfaceOrientations_iPad = "UIInterfaceOrientationPortrait UIInterfaceOrientationPortraitUpsideDown UIInterfaceOrientationLandscapeLeft UIInterfaceOrientationLandscapeRight";
				INFOPLIST_KEY_UISupportedInterfaceOrientations_iPhone = "UIInterfaceOrientationPortrait UIInterfaceOrientationLandscapeLeft UIInterfaceOrientationLandscapeRight";
				LD_RUNPATH_SEARCH_PATHS = (
					"$(inherited)",
					"@executable_path/Frameworks",
				);
				MARKETING_VERSION = 1.0;
				PRODUCT_BUNDLE_IDENTIFIER = ru.alexpetrenko.Fly;
				PRODUCT_NAME = "$(TARGET_NAME)";
				SWIFT_EMIT_LOC_STRINGS = YES;
				SWIFT_VERSION = 5.0;
				TARGETED_DEVICE_FAMILY = "1,2";
			};
			name = Release;
		};
		FAF2CBDF2B5FE5C1004055B7 /* Debug */ = {
			isa = XCBuildConfiguration;
			buildSettings = {
				ASSETCATALOG_COMPILER_APPICON_NAME = AppIcon;
				ASSETCATALOG_COMPILER_GLOBAL_ACCENT_COLOR_NAME = AccentColor;
				CODE_SIGN_STYLE = Automatic;
				CURRENT_PROJECT_VERSION = 1;
				DEVELOPMENT_TEAM = L23B96GPNM;
				GENERATE_INFOPLIST_FILE = YES;
				INFOPLIST_FILE = Homework5/Info.plist;
				INFOPLIST_KEY_UIApplicationSupportsIndirectInputEvents = YES;
				INFOPLIST_KEY_UILaunchStoryboardName = LaunchScreen;
				INFOPLIST_KEY_UISupportedInterfaceOrientations = UIInterfaceOrientationPortrait;
				INFOPLIST_KEY_UISupportedInterfaceOrientations_iPad = "UIInterfaceOrientationLandscapeLeft UIInterfaceOrientationLandscapeRight UIInterfaceOrientationPortrait UIInterfaceOrientationPortraitUpsideDown";
				LD_RUNPATH_SEARCH_PATHS = (
					"$(inherited)",
					"@executable_path/Frameworks",
				);
				MARKETING_VERSION = 1.0;
				PRODUCT_BUNDLE_IDENTIFIER = ru.alexpetrenko.Homework5;
				PRODUCT_NAME = "$(TARGET_NAME)";
				SUPPORTED_PLATFORMS = "iphoneos iphonesimulator";
				SUPPORTS_MACCATALYST = NO;
				SUPPORTS_MAC_DESIGNED_FOR_IPHONE_IPAD = NO;
				SWIFT_EMIT_LOC_STRINGS = YES;
				SWIFT_VERSION = 5.0;
				TARGETED_DEVICE_FAMILY = 1;
			};
			name = Debug;
		};
		FAF2CBE02B5FE5C1004055B7 /* Release */ = {
			isa = XCBuildConfiguration;
			buildSettings = {
				ASSETCATALOG_COMPILER_APPICON_NAME = AppIcon;
				ASSETCATALOG_COMPILER_GLOBAL_ACCENT_COLOR_NAME = AccentColor;
				CODE_SIGN_STYLE = Automatic;
				CURRENT_PROJECT_VERSION = 1;
				DEVELOPMENT_TEAM = L23B96GPNM;
				GENERATE_INFOPLIST_FILE = YES;
				INFOPLIST_FILE = Homework5/Info.plist;
				INFOPLIST_KEY_UIApplicationSupportsIndirectInputEvents = YES;
				INFOPLIST_KEY_UILaunchStoryboardName = LaunchScreen;
				INFOPLIST_KEY_UISupportedInterfaceOrientations = UIInterfaceOrientationPortrait;
				INFOPLIST_KEY_UISupportedInterfaceOrientations_iPad = "UIInterfaceOrientationLandscapeLeft UIInterfaceOrientationLandscapeRight UIInterfaceOrientationPortrait UIInterfaceOrientationPortraitUpsideDown";
				LD_RUNPATH_SEARCH_PATHS = (
					"$(inherited)",
					"@executable_path/Frameworks",
				);
				MARKETING_VERSION = 1.0;
				PRODUCT_BUNDLE_IDENTIFIER = ru.alexpetrenko.Homework5;
				PRODUCT_NAME = "$(TARGET_NAME)";
				SUPPORTED_PLATFORMS = "iphoneos iphonesimulator";
				SUPPORTS_MACCATALYST = NO;
				SUPPORTS_MAC_DESIGNED_FOR_IPHONE_IPAD = NO;
				SWIFT_EMIT_LOC_STRINGS = YES;
				SWIFT_VERSION = 5.0;
				TARGETED_DEVICE_FAMILY = 1;
			};
			name = Release;
		};
/* End XCBuildConfiguration section */

/* Begin XCConfigurationList section */
		FA0787D22B5D8E910014206B /* Build configuration list for PBXNativeTarget "Homework4" */ = {
			isa = XCConfigurationList;
			buildConfigurations = (
				FA0787D02B5D8E910014206B /* Debug */,
				FA0787D12B5D8E910014206B /* Release */,
			);
			defaultConfigurationIsVisible = 0;
			defaultConfigurationName = Release;
		};
		FA08E3D62B6D8611009A2A24 /* Build configuration list for PBXNativeTarget "Drink" */ = {
			isa = XCConfigurationList;
			buildConfigurations = (
				FA08E3D42B6D8611009A2A24 /* Debug */,
				FA08E3D52B6D8611009A2A24 /* Release */,
			);
			defaultConfigurationIsVisible = 0;
			defaultConfigurationName = Release;
		};
		FA4854952B558FB200F48E2E /* Build configuration list for PBXNativeTarget "Homework3" */ = {
			isa = XCConfigurationList;
			buildConfigurations = (
				FA4854932B558FB200F48E2E /* Debug */,
				FA4854942B558FB200F48E2E /* Release */,
			);
			defaultConfigurationIsVisible = 0;
			defaultConfigurationName = Release;
		};
		FA48BC2A2B4D5FE10056F4B8 /* Build configuration list for PBXProject "ErrorNilUnit2Homeworks" */ = {
			isa = XCConfigurationList;
			buildConfigurations = (
				FA48BC412B4D5FE30056F4B8 /* Debug */,
				FA48BC422B4D5FE30056F4B8 /* Release */,
			);
			defaultConfigurationIsVisible = 0;
			defaultConfigurationName = Release;
		};
		FA48BC432B4D5FE30056F4B8 /* Build configuration list for PBXNativeTarget "ErrorNilUnit2Homeworks" */ = {
			isa = XCConfigurationList;
			buildConfigurations = (
				FA48BC442B4D5FE30056F4B8 /* Debug */,
				FA48BC452B4D5FE30056F4B8 /* Release */,
			);
			defaultConfigurationIsVisible = 0;
			defaultConfigurationName = Release;
		};
		FA589C452B610D2400EF51AA /* Build configuration list for PBXNativeTarget "Homework5.1" */ = {
			isa = XCConfigurationList;
			buildConfigurations = (
				FA589C432B610D2400EF51AA /* Debug */,
				FA589C442B610D2400EF51AA /* Release */,
			);
			defaultConfigurationIsVisible = 0;
			defaultConfigurationName = Release;
		};
		FA6EE0BB2B63FCAB000BD794 /* Build configuration list for PBXNativeTarget "Homework6" */ = {
			isa = XCConfigurationList;
			buildConfigurations = (
				FA6EE0B92B63FCAB000BD794 /* Debug */,
				FA6EE0BA2B63FCAB000BD794 /* Release */,
			);
			defaultConfigurationIsVisible = 0;
			defaultConfigurationName = Release;
		};
		FA7725E42B51B62E00CFA339 /* Build configuration list for PBXNativeTarget "Homework2" */ = {
			isa = XCConfigurationList;
			buildConfigurations = (
				FA7725E22B51B62E00CFA339 /* Debug */,
				FA7725E32B51B62E00CFA339 /* Release */,
			);
			defaultConfigurationIsVisible = 0;
			defaultConfigurationName = Release;
		};
		FAAF15B62B698F8100C06E74 /* Build configuration list for PBXNativeTarget "Fly" */ = {
			isa = XCConfigurationList;
			buildConfigurations = (
				FAAF15B42B698F8100C06E74 /* Debug */,
				FAAF15B52B698F8100C06E74 /* Release */,
			);
			defaultConfigurationIsVisible = 0;
			defaultConfigurationName = Release;
		};
		FAF2CBE12B5FE5C1004055B7 /* Build configuration list for PBXNativeTarget "Homework5" */ = {
			isa = XCConfigurationList;
			buildConfigurations = (
				FAF2CBDF2B5FE5C1004055B7 /* Debug */,
				FAF2CBE02B5FE5C1004055B7 /* Release */,
			);
			defaultConfigurationIsVisible = 0;
			defaultConfigurationName = Release;
		};
/* End XCConfigurationList section */
	};
	rootObject = FA48BC272B4D5FE10056F4B8 /* Project object */;
}
